// !$*UTF8*$!
{
	archiveVersion = 1;
	classes = {
	};
	objectVersion = 56;
	objects = {

/* Begin PBXBuildFile section */
		4D1735AC484C46849DA03384 /* AppDelegate.swift in Sources */ = {isa = PBXBuildFile; fileRef = 1C3F01341AD84E34AE09422E /* AppDelegate.swift */; };
		4D26FA9B1D1443C3803294B8 /* LexturesApp.swift in Sources */ = {isa = PBXBuildFile; fileRef = 6DE7FCAFE1384A3F91078813 /* LexturesApp.swift */; };
		2D101516957C4168BAA5CC85 /* RootView.swift in Sources */ = {isa = PBXBuildFile; fileRef = AB07F1BE7DC34EE9998687D7 /* RootView.swift */; };
		3E50DA565F7344AC86D08D34 /* AccessibilityPreferences.swift in Sources */ = {isa = PBXBuildFile; fileRef = 00DE2C22A5EA42E18C59718C /* AccessibilityPreferences.swift */; };
		5FE24F8BE02F40D49E81BB60 /* AccessibilitySupport.swift in Sources */ = {isa = PBXBuildFile; fileRef = C0B27FE9BB884B85AD56E84A /* AccessibilitySupport.swift */; };
		D480C470B2244CAD8DBE930C /* DictationField.swift in Sources */ = {isa = PBXBuildFile; fileRef = BA529C237C794A51A956B81C /* DictationField.swift */; };
		FEB945BEAF2A4605A3171A2F /* ReadAloud.swift in Sources */ = {isa = PBXBuildFile; fileRef = 3457CB6A16FA45649FE3325B /* ReadAloud.swift */; };
		D0854937C82041B5B37A494C /* AuthAPI.swift in Sources */ = {isa = PBXBuildFile; fileRef = F7669A76D7194A34BC1DEC38 /* AuthAPI.swift */; };
		B39EFEFD58A14CD6BF33ADAD /* AuthCallbackParser.swift in Sources */ = {isa = PBXBuildFile; fileRef = 1DCC176251F148AA8D4F5F34 /* AuthCallbackParser.swift */; };
		B52C49DFD03C465AA6BC46AF /* AuthConstants.swift in Sources */ = {isa = PBXBuildFile; fileRef = 40CB25177B50406296D9FC70 /* AuthConstants.swift */; };
		1781A0EBCF844C61AAC0F77E /* AuthSession.swift in Sources */ = {isa = PBXBuildFile; fileRef = 760FA53F32A34B6E96CC0318 /* AuthSession.swift */; };
		2FF9F31E0F7240CA8EEBBB3C /* BiometricGate.swift in Sources */ = {isa = PBXBuildFile; fileRef = E75A7351865442659C846FB8 /* BiometricGate.swift */; };
		B14370E4928A4531A42F9FC1 /* KeychainStore.swift in Sources */ = {isa = PBXBuildFile; fileRef = BB6A53BECFC74498B2DE46F0 /* KeychainStore.swift */; };
		F1A926D896DB4C2AA42EE452 /* SessionsAPI.swift in Sources */ = {isa = PBXBuildFile; fileRef = 30D64D71FD71408483BCB4FF /* SessionsAPI.swift */; };
		42D67C78A2384E0BA910B15C /* AppConfiguration.swift in Sources */ = {isa = PBXBuildFile; fileRef = ED9BEF92E0F64B14BABE1F53 /* AppConfiguration.swift */; };
		82A3A36131604AF5A6C17BBA /* AuthFieldRepresentable.swift in Sources */ = {isa = PBXBuildFile; fileRef = B1251F41399F42B29B2B8A7A /* AuthFieldRepresentable.swift */; };
		3721AA0E2C8542BDAFD7E0BB /* BrandLogoView.swift in Sources */ = {isa = PBXBuildFile; fileRef = B7B036C7795443EDA8563FDE /* BrandLogoView.swift */; };
		49988108820F41ABA10AA153 /* LexturesTheme.swift in Sources */ = {isa = PBXBuildFile; fileRef = 7529910AF6E84A33890DB824 /* LexturesTheme.swift */; };
		A566F557E2304E0AB76F007A /* LexturesType.swift in Sources */ = {isa = PBXBuildFile; fileRef = 07FAB9C5B10F496FA54000F2 /* LexturesType.swift */; };
		D72AE86496B84C559EB22156 /* ProfileAvatarView.swift in Sources */ = {isa = PBXBuildFile; fileRef = C03A497BC20B47ADB04FA28A /* ProfileAvatarView.swift */; };
		0087FA0DC19541838A8035DE /* SyncStatusView.swift in Sources */ = {isa = PBXBuildFile; fileRef = 898203811D824C07AAAAC0C8 /* SyncStatusView.swift */; };
		B5848970479448EF902DB070 /* ThemePreference.swift in Sources */ = {isa = PBXBuildFile; fileRef = 8DD9436A43E84BDE9DA29A30 /* ThemePreference.swift */; };
		1CEF0E8959944D388577C144 /* DateFormatting.swift in Sources */ = {isa = PBXBuildFile; fileRef = 3BC84FC87183430293F9304D /* DateFormatting.swift */; };
		ADE39B2EA0744BDA8B933C7A /* LocaleAPI.swift in Sources */ = {isa = PBXBuildFile; fileRef = 1E65B3FC492E479483C3B81E /* LocaleAPI.swift */; };
		57E271244E8E474B9857E995 /* LocalePreferences.swift in Sources */ = {isa = PBXBuildFile; fileRef = ADA8B031399246DF8C1D48B4 /* LocalePreferences.swift */; };
		BAB0211C07474875A9999B13 /* Localized.swift in Sources */ = {isa = PBXBuildFile; fileRef = D3600E6644054540A384340C /* Localized.swift */; };
		66D4B0D5587F4153A9CDE29D /* AccountAccommodationModels.swift in Sources */ = {isa = PBXBuildFile; fileRef = 6E4B8FED33484199AC33FB98 /* AccountAccommodationModels.swift */; };
		3287D3A65BB443928F59D347 /* CourseHeroImage.swift in Sources */ = {isa = PBXBuildFile; fileRef = B40D80DA03E947DB82B8E178 /* CourseHeroImage.swift */; };
		637C2B3E8CEF4B8093466468 /* LMSAPI.swift in Sources */ = {isa = PBXBuildFile; fileRef = 282C5126ED4C42AEB445FCE0 /* LMSAPI.swift */; };
		E237285EBB8C4B838B10A0F9 /* LMSAPIFeatures.swift in Sources */ = {isa = PBXBuildFile; fileRef = 71BCE627FB0E4BF8B8F9E385 /* LMSAPIFeatures.swift */; };
		D7DFF07DF5B54EE299DE3872 /* LMSFeatureModels.swift in Sources */ = {isa = PBXBuildFile; fileRef = 7A4D9797973942B89ACAD16A /* LMSFeatureModels.swift */; };
		9B044632A9974F319A0C8050 /* LMSModels.swift in Sources */ = {isa = PBXBuildFile; fileRef = 98382F5678594CB39F7AF3E4 /* LMSModels.swift */; };
		A1B2C3D4E5F6478990A1B2C3 /* PlannerLogic.swift in Sources */ = {isa = PBXBuildFile; fileRef = B2C3D4E5F6A7489901B2C3D4 /* PlannerLogic.swift */; };
		C3D4E5F6A7B8490112233445 /* NotificationLogic.swift in Sources */ = {isa = PBXBuildFile; fileRef = D4E5F6A7B8C9401122334455 /* NotificationLogic.swift */; };
		M3A1B2C3D4E5411122334401 /* ModuleContentLogic.swift in Sources */ = {isa = PBXBuildFile; fileRef = M3A1B2C3D4E5411122334402 /* ModuleContentLogic.swift */; };
		M3A1B2C3D4E5411122334403 /* CourseMarkdownContentView.swift in Sources */ = {isa = PBXBuildFile; fileRef = M3A1B2C3D4E5411122334404 /* CourseMarkdownContentView.swift */; };
		M3A1B2C3D4E5411122334405 /* ModuleListView.swift in Sources */ = {isa = PBXBuildFile; fileRef = M3A1B2C3D4E5411122334406 /* ModuleListView.swift */; };
		M3A1B2C3D4E5411122334407 /* ContentPageView.swift in Sources */ = {isa = PBXBuildFile; fileRef = M3A1B2C3D4E5411122334408 /* ContentPageView.swift */; };
		M3A1B2C3D4E5411122334409 /* WebItemView.swift in Sources */ = {isa = PBXBuildFile; fileRef = M3A1B2C3D4E5411122334410 /* WebItemView.swift */; };
		M3A1B2C3D4E5411122334411 /* ModuleItemRouteView.swift in Sources */ = {isa = PBXBuildFile; fileRef = M3A1B2C3D4E5411122334412 /* ModuleItemRouteView.swift */; };
		M3A1B2C3D4E5411122334413 /* ModuleContentModelsTests.swift in Sources */ = {isa = PBXBuildFile; fileRef = M3A1B2C3D4E5411122334414 /* ModuleContentModelsTests.swift */; };
		D5E6F7A8B9C0411223344556 /* NotificationPreferencesView.swift in Sources */ = {isa = PBXBuildFile; fileRef = E5F6A7B8C9D0411223344556 /* NotificationPreferencesView.swift */; };
		7573FE3E2C404A3091B6C4A1 /* OnboardingModels.swift in Sources */ = {isa = PBXBuildFile; fileRef = 28C47DDFE8FE40478BAB3E22 /* OnboardingModels.swift */; };
		99F923C74A49424997DBC097 /* APIClient.swift in Sources */ = {isa = PBXBuildFile; fileRef = 9EAD7E54C0C84416BD214927 /* APIClient.swift */; };
		B96E69AE38DD4CDBA99B8D65 /* APIError.swift in Sources */ = {isa = PBXBuildFile; fileRef = F832A9FCA8924C4D991C9013 /* APIError.swift */; };
		13E8F25E9B01496186DF5F88 /* NetworkAuthContext.swift in Sources */ = {isa = PBXBuildFile; fileRef = D2AF7A027586430CAA0B8637 /* NetworkAuthContext.swift */; };
		7CB613F526C948C2993C9CDF /* NetworkBootstrap.swift in Sources */ = {isa = PBXBuildFile; fileRef = B578A73D37264F2C84CF266E /* NetworkBootstrap.swift */; };
		A64CF0995879488D895484A1 /* NotebookDrawing.swift in Sources */ = {isa = PBXBuildFile; fileRef = 3348EB37EF7D440FBE560D91 /* NotebookDrawing.swift */; };
		EDA30328125C44A6A16A0647 /* NotebookMarkdown.swift in Sources */ = {isa = PBXBuildFile; fileRef = E419FBC8AF184DA4AEF399D5 /* NotebookMarkdown.swift */; };
		DA88EEE66C1E49028A73E380 /* NotebookSlashCommands.swift in Sources */ = {isa = PBXBuildFile; fileRef = 09ED2CC619E4428EAD1B1FC5 /* NotebookSlashCommands.swift */; };
		4E32C8FF01FB43F0B66AAA22 /* NotebookStore.swift in Sources */ = {isa = PBXBuildFile; fileRef = 2E0F58C83B334A9FBCCD93D3 /* NotebookStore.swift */; };
		90656504EF4549D4AAAC1191 /* NotebookSync.swift in Sources */ = {isa = PBXBuildFile; fileRef = B829C8C3AF1C45638484EA6B /* NotebookSync.swift */; };
		A81C0E0A42144F3A8BDDE9A4 /* NotebookTree.swift in Sources */ = {isa = PBXBuildFile; fileRef = A704739A23B346898876AEB3 /* NotebookTree.swift */; };
		A5FA0D4EACEF4BF38345D1BD /* CacheStore.swift in Sources */ = {isa = PBXBuildFile; fileRef = 3D52C6CE349F40B78263E67F /* CacheStore.swift */; };
		2C78416A4ABD43C3BFF99E9C /* DownloadStore.swift in Sources */ = {isa = PBXBuildFile; fileRef = B25156329D8548C99D8E27FB /* DownloadStore.swift */; };
		2940C852B48B4E80844ABB6E /* NetworkMonitor.swift in Sources */ = {isa = PBXBuildFile; fileRef = 99A71F549D0445DA91F39603 /* NetworkMonitor.swift */; };
		78F27A3B6C344E22AFDF7C62 /* OfflineModels.swift in Sources */ = {isa = PBXBuildFile; fileRef = 858252BEB99B465CA1A8EB30 /* OfflineModels.swift */; };
		F95BF7A4DE4E479FBA788ED1 /* OfflineService.swift in Sources */ = {isa = PBXBuildFile; fileRef = 211CB6DA95D347FD974985F0 /* OfflineService.swift */; };
		ED19AB25D6004ADE998F09D9 /* OutboxStore.swift in Sources */ = {isa = PBXBuildFile; fileRef = D4708FFE70F74C718295CC48 /* OutboxStore.swift */; };
		73E933BC65F145FA9359FCD8 /* SyncEngine.swift in Sources */ = {isa = PBXBuildFile; fileRef = 19F331D70C9746A195B94E32 /* SyncEngine.swift */; };
		854B7F46D01744608F58EAD3 /* PushManager.swift in Sources */ = {isa = PBXBuildFile; fileRef = 31C1B7B5F8054817A8A6C293 /* PushManager.swift */; };
		9BD0BF124B24406B9DE55A00 /* DeepLinkRouter.swift in Sources */ = {isa = PBXBuildFile; fileRef = 78F6C8920C854C61973DD0C7 /* DeepLinkRouter.swift */; };
		C0D6195A065C4CAFB048DA12 /* AuthFlowView.swift in Sources */ = {isa = PBXBuildFile; fileRef = B83AB5B118904122893BAEA1 /* AuthFlowView.swift */; };
		714C9BEDD6834EF0A4E01522 /* LoginView.swift in Sources */ = {isa = PBXBuildFile; fileRef = 3818845EE35946D1B66237B6 /* LoginView.swift */; };
		8D4FA0B8F18D498790D2DEA6 /* MFAChallengeView.swift in Sources */ = {isa = PBXBuildFile; fileRef = 89F8E670F9A148B188BEEDE9 /* MFAChallengeView.swift */; };
		592876EE760F4A9D8485052C /* MfaPasskeyController.swift in Sources */ = {isa = PBXBuildFile; fileRef = 6D467E4437D84655B0B50787 /* MfaPasskeyController.swift */; };
		CEE53BAE85FA47EF89A173A4 /* SSOAuthController.swift in Sources */ = {isa = PBXBuildFile; fileRef = 0AAC9C626D4F4C23A84AF659 /* SSOAuthController.swift */; };
		C3C1E1D1DCBE48A9BF0949D1 /* SignupView.swift in Sources */ = {isa = PBXBuildFile; fileRef = 873580B0E4FC4812AE0B1499 /* SignupView.swift */; };
		C1624EB403F345BF92E090DC /* CourseAttendanceView.swift in Sources */ = {isa = PBXBuildFile; fileRef = 4A528C38FE3C4B4291CC9CE6 /* CourseAttendanceView.swift */; };
		7EE6E350C00E4D4388B698DF /* CourseDetailView.swift in Sources */ = {isa = PBXBuildFile; fileRef = A118CA8EB76D4D069F0E7202 /* CourseDetailView.swift */; };
		ECA118E0C05E46FCA4E03ED9 /* CourseGradesView.swift in Sources */ = {isa = PBXBuildFile; fileRef = 9AF70F0DD2F94E6987A3AE9B /* CourseGradesView.swift */; };
		38B711A1CED0460AB2E8F1A9 /* CourseSyllabusView.swift in Sources */ = {isa = PBXBuildFile; fileRef = BF45772A722B4389B638AF9B /* CourseSyllabusView.swift */; };
		63AF331D039146A7B3A4F136 /* CoursesListView.swift in Sources */ = {isa = PBXBuildFile; fileRef = 1F19FED039A04C7BA89AA0BF /* CoursesListView.swift */; };
		ABC6FAAA9B7547619382557B /* ItemDetailRows.swift in Sources */ = {isa = PBXBuildFile; fileRef = 97F2829CE211455FA877386E /* ItemDetailRows.swift */; };
		60D2B82D109C4E5EB4E2D68B /* ItemDetailView.swift in Sources */ = {isa = PBXBuildFile; fileRef = 407556A9CF044391AAB5A927 /* ItemDetailView.swift */; };
		7E4C03B27E32438885D1765F /* DashboardView.swift in Sources */ = {isa = PBXBuildFile; fileRef = CC9160B5D01C409AB1218E8D /* DashboardView.swift */; };
		C3D4E5F6A7B8489901C2D3E4 /* DueReminderScheduler.swift in Sources */ = {isa = PBXBuildFile; fileRef = D4E5F6A7B8C9489902D3E4F5 /* DueReminderScheduler.swift */; };
		E5F6A7B8C9D0489903E4F5A6 /* PlannerModel.swift in Sources */ = {isa = PBXBuildFile; fileRef = F6A7B8C9D0E1489904F5A6B7 /* PlannerModel.swift */; };
		A7B8C9D0E1F2489905A6B7C8 /* PlannerView.swift in Sources */ = {isa = PBXBuildFile; fileRef = B8C9D0E1F2A3489906B7C8D9 /* PlannerView.swift */; };
		C9D0E1F2A3B4489907C8D9E0 /* TodosView.swift in Sources */ = {isa = PBXBuildFile; fileRef = D0E1F2A3B4C5489908D9E0F1 /* TodosView.swift */; };
		E1F2A3B4C5D6489909E0F1A2 /* CalendarView.swift in Sources */ = {isa = PBXBuildFile; fileRef = F2A3B4C5D6E7489900F1A2B3 /* CalendarView.swift */; };
		A3B4C5D6E7F8489901A2B3C4 /* CalendarSubscribeSheet.swift in Sources */ = {isa = PBXBuildFile; fileRef = B4C5D6E7F8A9489902B3C4D5 /* CalendarSubscribeSheet.swift */; };
		1F4AAAE5695145BFB5012CC6 /* GradingBacklogView.swift in Sources */ = {isa = PBXBuildFile; fileRef = 9BDD773D22894E5C93D1C096 /* GradingBacklogView.swift */; };
		AC8FB87377DF414C9A26F0C4 /* SpeedGraderView.swift in Sources */ = {isa = PBXBuildFile; fileRef = F56E63C464D64510B2ED3760 /* SpeedGraderView.swift */; };
		C9DB6E74EC3746CBA8AA6490 /* AnnouncementsViews.swift in Sources */ = {isa = PBXBuildFile; fileRef = 0884946FB1FB4C9AB56DB3BF /* AnnouncementsViews.swift */; };
		03DF584B0A82478EAE7C6BC8 /* MainTabView.swift in Sources */ = {isa = PBXBuildFile; fileRef = 2AAF37776D31459B99994CB1 /* MainTabView.swift */; };
		8DF6DB70E28C4D10A2F02FEB /* ComposeMessageView.swift in Sources */ = {isa = PBXBuildFile; fileRef = 880D726D777C4A899CB53340 /* ComposeMessageView.swift */; };
		9A89620305C1404F8540824B /* InboxView.swift in Sources */ = {isa = PBXBuildFile; fileRef = E39BF626717246DFBC9FE5BB /* InboxView.swift */; };
		5203C81EB5E74057A561CD1D /* MessageDetailView.swift in Sources */ = {isa = PBXBuildFile; fileRef = 596F80FA8E9543669DF84C2E /* MessageDetailView.swift */; };
		B6BB9126198D4A61A536B27D /* NotebookDrawingViews.swift in Sources */ = {isa = PBXBuildFile; fileRef = 20CF8F09C32747938553B6B0 /* NotebookDrawingViews.swift */; };
		7C1A3B0B6B4645069D03C5C5 /* NotebookEditorSupportViews.swift in Sources */ = {isa = PBXBuildFile; fileRef = E9D5529B78154EA9ABCAA276 /* NotebookEditorSupportViews.swift */; };
		5044945A3BCE40A19132CEDD /* NotebookEditorView.swift in Sources */ = {isa = PBXBuildFile; fileRef = DD5734214B6E4AC39C1A0FDA /* NotebookEditorView.swift */; };
		6CCAF4AE1D4F4801B01A2D2D /* NotebookPagesView.swift in Sources */ = {isa = PBXBuildFile; fileRef = 81B164EFAE244B48999A1399 /* NotebookPagesView.swift */; };
		031668FC0FD34F929F5A7CA8 /* NotebooksListView.swift in Sources */ = {isa = PBXBuildFile; fileRef = 8753AA1393F247F38912EAA0 /* NotebooksListView.swift */; };
		4A6896A95ED7452BBE818356 /* DiagnosticView.swift in Sources */ = {isa = PBXBuildFile; fileRef = B41E29C54D264895A9CAE658 /* DiagnosticView.swift */; };
		47298E586ECA4501AF17785B /* OnboardingFlowView.swift in Sources */ = {isa = PBXBuildFile; fileRef = 3FCF6960F8E44E1892414E6F /* OnboardingFlowView.swift */; };
		99058F4947CE40D08F0B33BF /* BiometricLockView.swift in Sources */ = {isa = PBXBuildFile; fileRef = 93E9B74E85AF4DD29CEF509A /* BiometricLockView.swift */; };
		6C702B276C1C4440A600A940 /* DeviceSessionsView.swift in Sources */ = {isa = PBXBuildFile; fileRef = 60D14A2A280840558DEC54CE /* DeviceSessionsView.swift */; };
		BB24F49BCA3C44C7B8F79AE7 /* EditProfileView.swift in Sources */ = {isa = PBXBuildFile; fileRef = 6DE8F92464EC4AF5A823B613 /* EditProfileView.swift */; };
		496A344650BE440D872C45A2 /* MyAccommodationsView.swift in Sources */ = {isa = PBXBuildFile; fileRef = 0A687BB990EB4B6CA04A014C /* MyAccommodationsView.swift */; };
		85132FAFC4DF4B07BBFF7ED7 /* NotificationsView.swift in Sources */ = {isa = PBXBuildFile; fileRef = F7CA3697048642E093499028 /* NotificationsView.swift */; };
		A51EB3D6A87E460B9B0DD07E /* ProfileSecurityCard.swift in Sources */ = {isa = PBXBuildFile; fileRef = 49517DA52F4E4B8A8BD9B932 /* ProfileSecurityCard.swift */; };
		6FCFEF23572549FE82A92DFB /* ProfileSettingsCards.swift in Sources */ = {isa = PBXBuildFile; fileRef = 891583FDCE194268AF7214EC /* ProfileSettingsCards.swift */; };
		7BC32404685D4B6AAC0F4EBB /* ProfileView.swift in Sources */ = {isa = PBXBuildFile; fileRef = 6AA7F17A55E04639A7A17662 /* ProfileView.swift */; };
		901616D01D704887AA16E417 /* SplashView.swift in Sources */ = {isa = PBXBuildFile; fileRef = 42151738D730461A999E38B3 /* SplashView.swift */; };
		7A7E6836DB2E471F857C17B4 /* AccessibilitySupportTests.swift in Sources */ = {isa = PBXBuildFile; fileRef = 8BC2969F48E1471DA4EB1D1C /* AccessibilitySupportTests.swift */; };
		AE2FC99475894E1CBDD1C4F1 /* AuthCallbackParserTests.swift in Sources */ = {isa = PBXBuildFile; fileRef = F43AF2A003134E47AE837210 /* AuthCallbackParserTests.swift */; };
		EEB923812B14434C8DBB5A9D /* BiometricGateTests.swift in Sources */ = {isa = PBXBuildFile; fileRef = 0B3117186ADD4438A2A3FEA4 /* BiometricGateTests.swift */; };
		440959E8D90944B2A4772C12 /* I18nTests.swift in Sources */ = {isa = PBXBuildFile; fileRef = 1B63433C37254D2085585426 /* I18nTests.swift */; };
		82E18B8FC6E84B0DA658C738 /* OnboardingModelsTests.swift in Sources */ = {isa = PBXBuildFile; fileRef = 4369D9F68DC445C7A4BC0563 /* OnboardingModelsTests.swift */; };
		771C35CD417349AAB4C99F3B /* SettingsAccommodationsTests.swift in Sources */ = {isa = PBXBuildFile; fileRef = E3784FB835994C24B21B4F60 /* SettingsAccommodationsTests.swift */; };
		B5C6D7E8F9A0418293B4C5D6 /* PlannerModelsTests.swift in Sources */ = {isa = PBXBuildFile; fileRef = C6D7E8F9A0B1428394C5D6E7 /* PlannerModelsTests.swift */; };
		E7F8A9B0C1D2418293B4C5D7 /* NotificationModelsTests.swift in Sources */ = {isa = PBXBuildFile; fileRef = F6A7B8C9D0E1428394C5D6E8 /* NotificationModelsTests.swift */; };
		711799B9D1F1408A9BCB0B2F /* Assets.xcassets in Resources */ = {isa = PBXBuildFile; fileRef = 2053DE5D0F5246A3AEB9D1D4 /* Assets.xcassets */; };
		7C91B2C542B2444EA0DC3317 /* Localizable.xcstrings in Resources */ = {isa = PBXBuildFile; fileRef = 9970321D683343F8AB2E7AA9 /* Localizable.xcstrings */; };
/* End PBXBuildFile section */

/* Begin PBXFileReference section */
		7BA1D4C5A2D84FABB1CCCAA9 /* Lextures.app */ = {isa = PBXFileReference; explicitFileType = wrapper.application; includeInIndex = 0; path = Lextures.app; sourceTree = BUILT_PRODUCTS_DIR; };
		ACCFBCB7F11F4B988F485D31 /* LexturesTests.xctest */ = {isa = PBXFileReference; explicitFileType = wrapper.cfbundle; includeInIndex = 0; path = LexturesTests.xctest; sourceTree = BUILT_PRODUCTS_DIR; };
		1C3F01341AD84E34AE09422E /* AppDelegate.swift */ = {isa = PBXFileReference; lastKnownFileType = sourcecode.swift; path = AppDelegate.swift; sourceTree = "<group>"; };
		6DE7FCAFE1384A3F91078813 /* LexturesApp.swift */ = {isa = PBXFileReference; lastKnownFileType = sourcecode.swift; path = LexturesApp.swift; sourceTree = "<group>"; };
		AB07F1BE7DC34EE9998687D7 /* RootView.swift */ = {isa = PBXFileReference; lastKnownFileType = sourcecode.swift; path = RootView.swift; sourceTree = "<group>"; };
		00DE2C22A5EA42E18C59718C /* AccessibilityPreferences.swift */ = {isa = PBXFileReference; lastKnownFileType = sourcecode.swift; path = AccessibilityPreferences.swift; sourceTree = "<group>"; };
		C0B27FE9BB884B85AD56E84A /* AccessibilitySupport.swift */ = {isa = PBXFileReference; lastKnownFileType = sourcecode.swift; path = AccessibilitySupport.swift; sourceTree = "<group>"; };
		BA529C237C794A51A956B81C /* DictationField.swift */ = {isa = PBXFileReference; lastKnownFileType = sourcecode.swift; path = DictationField.swift; sourceTree = "<group>"; };
		3457CB6A16FA45649FE3325B /* ReadAloud.swift */ = {isa = PBXFileReference; lastKnownFileType = sourcecode.swift; path = ReadAloud.swift; sourceTree = "<group>"; };
		F7669A76D7194A34BC1DEC38 /* AuthAPI.swift */ = {isa = PBXFileReference; lastKnownFileType = sourcecode.swift; path = AuthAPI.swift; sourceTree = "<group>"; };
		1DCC176251F148AA8D4F5F34 /* AuthCallbackParser.swift */ = {isa = PBXFileReference; lastKnownFileType = sourcecode.swift; path = AuthCallbackParser.swift; sourceTree = "<group>"; };
		40CB25177B50406296D9FC70 /* AuthConstants.swift */ = {isa = PBXFileReference; lastKnownFileType = sourcecode.swift; path = AuthConstants.swift; sourceTree = "<group>"; };
		760FA53F32A34B6E96CC0318 /* AuthSession.swift */ = {isa = PBXFileReference; lastKnownFileType = sourcecode.swift; path = AuthSession.swift; sourceTree = "<group>"; };
		E75A7351865442659C846FB8 /* BiometricGate.swift */ = {isa = PBXFileReference; lastKnownFileType = sourcecode.swift; path = BiometricGate.swift; sourceTree = "<group>"; };
		BB6A53BECFC74498B2DE46F0 /* KeychainStore.swift */ = {isa = PBXFileReference; lastKnownFileType = sourcecode.swift; path = KeychainStore.swift; sourceTree = "<group>"; };
		30D64D71FD71408483BCB4FF /* SessionsAPI.swift */ = {isa = PBXFileReference; lastKnownFileType = sourcecode.swift; path = SessionsAPI.swift; sourceTree = "<group>"; };
		ED9BEF92E0F64B14BABE1F53 /* AppConfiguration.swift */ = {isa = PBXFileReference; lastKnownFileType = sourcecode.swift; path = AppConfiguration.swift; sourceTree = "<group>"; };
		B1251F41399F42B29B2B8A7A /* AuthFieldRepresentable.swift */ = {isa = PBXFileReference; lastKnownFileType = sourcecode.swift; path = AuthFieldRepresentable.swift; sourceTree = "<group>"; };
		B7B036C7795443EDA8563FDE /* BrandLogoView.swift */ = {isa = PBXFileReference; lastKnownFileType = sourcecode.swift; path = BrandLogoView.swift; sourceTree = "<group>"; };
		7529910AF6E84A33890DB824 /* LexturesTheme.swift */ = {isa = PBXFileReference; lastKnownFileType = sourcecode.swift; path = LexturesTheme.swift; sourceTree = "<group>"; };
		07FAB9C5B10F496FA54000F2 /* LexturesType.swift */ = {isa = PBXFileReference; lastKnownFileType = sourcecode.swift; path = LexturesType.swift; sourceTree = "<group>"; };
		C03A497BC20B47ADB04FA28A /* ProfileAvatarView.swift */ = {isa = PBXFileReference; lastKnownFileType = sourcecode.swift; path = ProfileAvatarView.swift; sourceTree = "<group>"; };
		898203811D824C07AAAAC0C8 /* SyncStatusView.swift */ = {isa = PBXFileReference; lastKnownFileType = sourcecode.swift; path = SyncStatusView.swift; sourceTree = "<group>"; };
		8DD9436A43E84BDE9DA29A30 /* ThemePreference.swift */ = {isa = PBXFileReference; lastKnownFileType = sourcecode.swift; path = ThemePreference.swift; sourceTree = "<group>"; };
		3BC84FC87183430293F9304D /* DateFormatting.swift */ = {isa = PBXFileReference; lastKnownFileType = sourcecode.swift; path = DateFormatting.swift; sourceTree = "<group>"; };
		1E65B3FC492E479483C3B81E /* LocaleAPI.swift */ = {isa = PBXFileReference; lastKnownFileType = sourcecode.swift; path = LocaleAPI.swift; sourceTree = "<group>"; };
		ADA8B031399246DF8C1D48B4 /* LocalePreferences.swift */ = {isa = PBXFileReference; lastKnownFileType = sourcecode.swift; path = LocalePreferences.swift; sourceTree = "<group>"; };
		D3600E6644054540A384340C /* Localized.swift */ = {isa = PBXFileReference; lastKnownFileType = sourcecode.swift; path = Localized.swift; sourceTree = "<group>"; };
		6E4B8FED33484199AC33FB98 /* AccountAccommodationModels.swift */ = {isa = PBXFileReference; lastKnownFileType = sourcecode.swift; path = AccountAccommodationModels.swift; sourceTree = "<group>"; };
		B40D80DA03E947DB82B8E178 /* CourseHeroImage.swift */ = {isa = PBXFileReference; lastKnownFileType = sourcecode.swift; path = CourseHeroImage.swift; sourceTree = "<group>"; };
		282C5126ED4C42AEB445FCE0 /* LMSAPI.swift */ = {isa = PBXFileReference; lastKnownFileType = sourcecode.swift; path = LMSAPI.swift; sourceTree = "<group>"; };
		71BCE627FB0E4BF8B8F9E385 /* LMSAPIFeatures.swift */ = {isa = PBXFileReference; lastKnownFileType = sourcecode.swift; path = LMSAPIFeatures.swift; sourceTree = "<group>"; };
		7A4D9797973942B89ACAD16A /* LMSFeatureModels.swift */ = {isa = PBXFileReference; lastKnownFileType = sourcecode.swift; path = LMSFeatureModels.swift; sourceTree = "<group>"; };
		98382F5678594CB39F7AF3E4 /* LMSModels.swift */ = {isa = PBXFileReference; lastKnownFileType = sourcecode.swift; path = LMSModels.swift; sourceTree = "<group>"; };
		B2C3D4E5F6A7489901B2C3D4 /* PlannerLogic.swift */ = {isa = PBXFileReference; lastKnownFileType = sourcecode.swift; path = PlannerLogic.swift; sourceTree = "<group>"; };
		D4E5F6A7B8C9401122334455 /* NotificationLogic.swift */ = {isa = PBXFileReference; lastKnownFileType = sourcecode.swift; path = NotificationLogic.swift; sourceTree = "<group>"; };
		M3A1B2C3D4E5411122334402 /* ModuleContentLogic.swift */ = {isa = PBXFileReference; lastKnownFileType = sourcecode.swift; path = ModuleContentLogic.swift; sourceTree = "<group>"; };
		M3A1B2C3D4E5411122334404 /* CourseMarkdownContentView.swift */ = {isa = PBXFileReference; lastKnownFileType = sourcecode.swift; path = CourseMarkdownContentView.swift; sourceTree = "<group>"; };
		M3A1B2C3D4E5411122334406 /* ModuleListView.swift */ = {isa = PBXFileReference; lastKnownFileType = sourcecode.swift; path = ModuleListView.swift; sourceTree = "<group>"; };
		M3A1B2C3D4E5411122334408 /* ContentPageView.swift */ = {isa = PBXFileReference; lastKnownFileType = sourcecode.swift; path = ContentPageView.swift; sourceTree = "<group>"; };
		M3A1B2C3D4E5411122334410 /* WebItemView.swift */ = {isa = PBXFileReference; lastKnownFileType = sourcecode.swift; path = WebItemView.swift; sourceTree = "<group>"; };
		M3A1B2C3D4E5411122334412 /* ModuleItemRouteView.swift */ = {isa = PBXFileReference; lastKnownFileType = sourcecode.swift; path = ModuleItemRouteView.swift; sourceTree = "<group>"; };
		M3A1B2C3D4E5411122334414 /* ModuleContentModelsTests.swift */ = {isa = PBXFileReference; lastKnownFileType = sourcecode.swift; path = ModuleContentModelsTests.swift; sourceTree = "<group>"; };
		28C47DDFE8FE40478BAB3E22 /* OnboardingModels.swift */ = {isa = PBXFileReference; lastKnownFileType = sourcecode.swift; path = OnboardingModels.swift; sourceTree = "<group>"; };
		9EAD7E54C0C84416BD214927 /* APIClient.swift */ = {isa = PBXFileReference; lastKnownFileType = sourcecode.swift; path = APIClient.swift; sourceTree = "<group>"; };
		F832A9FCA8924C4D991C9013 /* APIError.swift */ = {isa = PBXFileReference; lastKnownFileType = sourcecode.swift; path = APIError.swift; sourceTree = "<group>"; };
		D2AF7A027586430CAA0B8637 /* NetworkAuthContext.swift */ = {isa = PBXFileReference; lastKnownFileType = sourcecode.swift; path = NetworkAuthContext.swift; sourceTree = "<group>"; };
		B578A73D37264F2C84CF266E /* NetworkBootstrap.swift */ = {isa = PBXFileReference; lastKnownFileType = sourcecode.swift; path = NetworkBootstrap.swift; sourceTree = "<group>"; };
		3348EB37EF7D440FBE560D91 /* NotebookDrawing.swift */ = {isa = PBXFileReference; lastKnownFileType = sourcecode.swift; path = NotebookDrawing.swift; sourceTree = "<group>"; };
		E419FBC8AF184DA4AEF399D5 /* NotebookMarkdown.swift */ = {isa = PBXFileReference; lastKnownFileType = sourcecode.swift; path = NotebookMarkdown.swift; sourceTree = "<group>"; };
		09ED2CC619E4428EAD1B1FC5 /* NotebookSlashCommands.swift */ = {isa = PBXFileReference; lastKnownFileType = sourcecode.swift; path = NotebookSlashCommands.swift; sourceTree = "<group>"; };
		2E0F58C83B334A9FBCCD93D3 /* NotebookStore.swift */ = {isa = PBXFileReference; lastKnownFileType = sourcecode.swift; path = NotebookStore.swift; sourceTree = "<group>"; };
		B829C8C3AF1C45638484EA6B /* NotebookSync.swift */ = {isa = PBXFileReference; lastKnownFileType = sourcecode.swift; path = NotebookSync.swift; sourceTree = "<group>"; };
		A704739A23B346898876AEB3 /* NotebookTree.swift */ = {isa = PBXFileReference; lastKnownFileType = sourcecode.swift; path = NotebookTree.swift; sourceTree = "<group>"; };
		3D52C6CE349F40B78263E67F /* CacheStore.swift */ = {isa = PBXFileReference; lastKnownFileType = sourcecode.swift; path = CacheStore.swift; sourceTree = "<group>"; };
		B25156329D8548C99D8E27FB /* DownloadStore.swift */ = {isa = PBXFileReference; lastKnownFileType = sourcecode.swift; path = DownloadStore.swift; sourceTree = "<group>"; };
		99A71F549D0445DA91F39603 /* NetworkMonitor.swift */ = {isa = PBXFileReference; lastKnownFileType = sourcecode.swift; path = NetworkMonitor.swift; sourceTree = "<group>"; };
		858252BEB99B465CA1A8EB30 /* OfflineModels.swift */ = {isa = PBXFileReference; lastKnownFileType = sourcecode.swift; path = OfflineModels.swift; sourceTree = "<group>"; };
		211CB6DA95D347FD974985F0 /* OfflineService.swift */ = {isa = PBXFileReference; lastKnownFileType = sourcecode.swift; path = OfflineService.swift; sourceTree = "<group>"; };
		D4708FFE70F74C718295CC48 /* OutboxStore.swift */ = {isa = PBXFileReference; lastKnownFileType = sourcecode.swift; path = OutboxStore.swift; sourceTree = "<group>"; };
		19F331D70C9746A195B94E32 /* SyncEngine.swift */ = {isa = PBXFileReference; lastKnownFileType = sourcecode.swift; path = SyncEngine.swift; sourceTree = "<group>"; };
		31C1B7B5F8054817A8A6C293 /* PushManager.swift */ = {isa = PBXFileReference; lastKnownFileType = sourcecode.swift; path = PushManager.swift; sourceTree = "<group>"; };
		78F6C8920C854C61973DD0C7 /* DeepLinkRouter.swift */ = {isa = PBXFileReference; lastKnownFileType = sourcecode.swift; path = DeepLinkRouter.swift; sourceTree = "<group>"; };
		B83AB5B118904122893BAEA1 /* AuthFlowView.swift */ = {isa = PBXFileReference; lastKnownFileType = sourcecode.swift; path = AuthFlowView.swift; sourceTree = "<group>"; };
		3818845EE35946D1B66237B6 /* LoginView.swift */ = {isa = PBXFileReference; lastKnownFileType = sourcecode.swift; path = LoginView.swift; sourceTree = "<group>"; };
		89F8E670F9A148B188BEEDE9 /* MFAChallengeView.swift */ = {isa = PBXFileReference; lastKnownFileType = sourcecode.swift; path = MFAChallengeView.swift; sourceTree = "<group>"; };
		6D467E4437D84655B0B50787 /* MfaPasskeyController.swift */ = {isa = PBXFileReference; lastKnownFileType = sourcecode.swift; path = MfaPasskeyController.swift; sourceTree = "<group>"; };
		0AAC9C626D4F4C23A84AF659 /* SSOAuthController.swift */ = {isa = PBXFileReference; lastKnownFileType = sourcecode.swift; path = SSOAuthController.swift; sourceTree = "<group>"; };
		873580B0E4FC4812AE0B1499 /* SignupView.swift */ = {isa = PBXFileReference; lastKnownFileType = sourcecode.swift; path = SignupView.swift; sourceTree = "<group>"; };
		4A528C38FE3C4B4291CC9CE6 /* CourseAttendanceView.swift */ = {isa = PBXFileReference; lastKnownFileType = sourcecode.swift; path = CourseAttendanceView.swift; sourceTree = "<group>"; };
		A118CA8EB76D4D069F0E7202 /* CourseDetailView.swift */ = {isa = PBXFileReference; lastKnownFileType = sourcecode.swift; path = CourseDetailView.swift; sourceTree = "<group>"; };
		9AF70F0DD2F94E6987A3AE9B /* CourseGradesView.swift */ = {isa = PBXFileReference; lastKnownFileType = sourcecode.swift; path = CourseGradesView.swift; sourceTree = "<group>"; };
		BF45772A722B4389B638AF9B /* CourseSyllabusView.swift */ = {isa = PBXFileReference; lastKnownFileType = sourcecode.swift; path = CourseSyllabusView.swift; sourceTree = "<group>"; };
		1F19FED039A04C7BA89AA0BF /* CoursesListView.swift */ = {isa = PBXFileReference; lastKnownFileType = sourcecode.swift; path = CoursesListView.swift; sourceTree = "<group>"; };
		97F2829CE211455FA877386E /* ItemDetailRows.swift */ = {isa = PBXFileReference; lastKnownFileType = sourcecode.swift; path = ItemDetailRows.swift; sourceTree = "<group>"; };
		407556A9CF044391AAB5A927 /* ItemDetailView.swift */ = {isa = PBXFileReference; lastKnownFileType = sourcecode.swift; path = ItemDetailView.swift; sourceTree = "<group>"; };
		CC9160B5D01C409AB1218E8D /* DashboardView.swift */ = {isa = PBXFileReference; lastKnownFileType = sourcecode.swift; path = DashboardView.swift; sourceTree = "<group>"; };
		D4E5F6A7B8C9489902D3E4F5 /* DueReminderScheduler.swift */ = {isa = PBXFileReference; lastKnownFileType = sourcecode.swift; path = DueReminderScheduler.swift; sourceTree = "<group>"; };
		F6A7B8C9D0E1489904F5A6B7 /* PlannerModel.swift */ = {isa = PBXFileReference; lastKnownFileType = sourcecode.swift; path = PlannerModel.swift; sourceTree = "<group>"; };
		B8C9D0E1F2A3489906B7C8D9 /* PlannerView.swift */ = {isa = PBXFileReference; lastKnownFileType = sourcecode.swift; path = PlannerView.swift; sourceTree = "<group>"; };
		D0E1F2A3B4C5489908D9E0F1 /* TodosView.swift */ = {isa = PBXFileReference; lastKnownFileType = sourcecode.swift; path = TodosView.swift; sourceTree = "<group>"; };
		F2A3B4C5D6E7489900F1A2B3 /* CalendarView.swift */ = {isa = PBXFileReference; lastKnownFileType = sourcecode.swift; path = CalendarView.swift; sourceTree = "<group>"; };
		B4C5D6E7F8A9489902B3C4D5 /* CalendarSubscribeSheet.swift */ = {isa = PBXFileReference; lastKnownFileType = sourcecode.swift; path = CalendarSubscribeSheet.swift; sourceTree = "<group>"; };
		9BDD773D22894E5C93D1C096 /* GradingBacklogView.swift */ = {isa = PBXFileReference; lastKnownFileType = sourcecode.swift; path = GradingBacklogView.swift; sourceTree = "<group>"; };
		F56E63C464D64510B2ED3760 /* SpeedGraderView.swift */ = {isa = PBXFileReference; lastKnownFileType = sourcecode.swift; path = SpeedGraderView.swift; sourceTree = "<group>"; };
		0884946FB1FB4C9AB56DB3BF /* AnnouncementsViews.swift */ = {isa = PBXFileReference; lastKnownFileType = sourcecode.swift; path = AnnouncementsViews.swift; sourceTree = "<group>"; };
		2AAF37776D31459B99994CB1 /* MainTabView.swift */ = {isa = PBXFileReference; lastKnownFileType = sourcecode.swift; path = MainTabView.swift; sourceTree = "<group>"; };
		880D726D777C4A899CB53340 /* ComposeMessageView.swift */ = {isa = PBXFileReference; lastKnownFileType = sourcecode.swift; path = ComposeMessageView.swift; sourceTree = "<group>"; };
		E39BF626717246DFBC9FE5BB /* InboxView.swift */ = {isa = PBXFileReference; lastKnownFileType = sourcecode.swift; path = InboxView.swift; sourceTree = "<group>"; };
		596F80FA8E9543669DF84C2E /* MessageDetailView.swift */ = {isa = PBXFileReference; lastKnownFileType = sourcecode.swift; path = MessageDetailView.swift; sourceTree = "<group>"; };
		20CF8F09C32747938553B6B0 /* NotebookDrawingViews.swift */ = {isa = PBXFileReference; lastKnownFileType = sourcecode.swift; path = NotebookDrawingViews.swift; sourceTree = "<group>"; };
		E9D5529B78154EA9ABCAA276 /* NotebookEditorSupportViews.swift */ = {isa = PBXFileReference; lastKnownFileType = sourcecode.swift; path = NotebookEditorSupportViews.swift; sourceTree = "<group>"; };
		DD5734214B6E4AC39C1A0FDA /* NotebookEditorView.swift */ = {isa = PBXFileReference; lastKnownFileType = sourcecode.swift; path = NotebookEditorView.swift; sourceTree = "<group>"; };
		81B164EFAE244B48999A1399 /* NotebookPagesView.swift */ = {isa = PBXFileReference; lastKnownFileType = sourcecode.swift; path = NotebookPagesView.swift; sourceTree = "<group>"; };
		8753AA1393F247F38912EAA0 /* NotebooksListView.swift */ = {isa = PBXFileReference; lastKnownFileType = sourcecode.swift; path = NotebooksListView.swift; sourceTree = "<group>"; };
		B41E29C54D264895A9CAE658 /* DiagnosticView.swift */ = {isa = PBXFileReference; lastKnownFileType = sourcecode.swift; path = DiagnosticView.swift; sourceTree = "<group>"; };
		3FCF6960F8E44E1892414E6F /* OnboardingFlowView.swift */ = {isa = PBXFileReference; lastKnownFileType = sourcecode.swift; path = OnboardingFlowView.swift; sourceTree = "<group>"; };
		93E9B74E85AF4DD29CEF509A /* BiometricLockView.swift */ = {isa = PBXFileReference; lastKnownFileType = sourcecode.swift; path = BiometricLockView.swift; sourceTree = "<group>"; };
		60D14A2A280840558DEC54CE /* DeviceSessionsView.swift */ = {isa = PBXFileReference; lastKnownFileType = sourcecode.swift; path = DeviceSessionsView.swift; sourceTree = "<group>"; };
		6DE8F92464EC4AF5A823B613 /* EditProfileView.swift */ = {isa = PBXFileReference; lastKnownFileType = sourcecode.swift; path = EditProfileView.swift; sourceTree = "<group>"; };
		0A687BB990EB4B6CA04A014C /* MyAccommodationsView.swift */ = {isa = PBXFileReference; lastKnownFileType = sourcecode.swift; path = MyAccommodationsView.swift; sourceTree = "<group>"; };
		F7CA3697048642E093499028 /* NotificationsView.swift */ = {isa = PBXFileReference; lastKnownFileType = sourcecode.swift; path = NotificationsView.swift; sourceTree = "<group>"; };
		E5F6A7B8C9D0411223344556 /* NotificationPreferencesView.swift */ = {isa = PBXFileReference; lastKnownFileType = sourcecode.swift; path = NotificationPreferencesView.swift; sourceTree = "<group>"; };
		49517DA52F4E4B8A8BD9B932 /* ProfileSecurityCard.swift */ = {isa = PBXFileReference; lastKnownFileType = sourcecode.swift; path = ProfileSecurityCard.swift; sourceTree = "<group>"; };
		891583FDCE194268AF7214EC /* ProfileSettingsCards.swift */ = {isa = PBXFileReference; lastKnownFileType = sourcecode.swift; path = ProfileSettingsCards.swift; sourceTree = "<group>"; };
		6AA7F17A55E04639A7A17662 /* ProfileView.swift */ = {isa = PBXFileReference; lastKnownFileType = sourcecode.swift; path = ProfileView.swift; sourceTree = "<group>"; };
		42151738D730461A999E38B3 /* SplashView.swift */ = {isa = PBXFileReference; lastKnownFileType = sourcecode.swift; path = SplashView.swift; sourceTree = "<group>"; };
		8BC2969F48E1471DA4EB1D1C /* AccessibilitySupportTests.swift */ = {isa = PBXFileReference; lastKnownFileType = sourcecode.swift; path = AccessibilitySupportTests.swift; sourceTree = "<group>"; };
		F43AF2A003134E47AE837210 /* AuthCallbackParserTests.swift */ = {isa = PBXFileReference; lastKnownFileType = sourcecode.swift; path = AuthCallbackParserTests.swift; sourceTree = "<group>"; };
		0B3117186ADD4438A2A3FEA4 /* BiometricGateTests.swift */ = {isa = PBXFileReference; lastKnownFileType = sourcecode.swift; path = BiometricGateTests.swift; sourceTree = "<group>"; };
		1B63433C37254D2085585426 /* I18nTests.swift */ = {isa = PBXFileReference; lastKnownFileType = sourcecode.swift; path = I18nTests.swift; sourceTree = "<group>"; };
		4369D9F68DC445C7A4BC0563 /* OnboardingModelsTests.swift */ = {isa = PBXFileReference; lastKnownFileType = sourcecode.swift; path = OnboardingModelsTests.swift; sourceTree = "<group>"; };
		E3784FB835994C24B21B4F60 /* SettingsAccommodationsTests.swift */ = {isa = PBXFileReference; lastKnownFileType = sourcecode.swift; path = SettingsAccommodationsTests.swift; sourceTree = "<group>"; };
		C6D7E8F9A0B1428394C5D6E7 /* PlannerModelsTests.swift */ = {isa = PBXFileReference; lastKnownFileType = sourcecode.swift; path = PlannerModelsTests.swift; sourceTree = "<group>"; };
		F6A7B8C9D0E1428394C5D6E8 /* NotificationModelsTests.swift */ = {isa = PBXFileReference; lastKnownFileType = sourcecode.swift; path = NotificationModelsTests.swift; sourceTree = "<group>"; };
		2053DE5D0F5246A3AEB9D1D4 /* Assets.xcassets */ = {isa = PBXFileReference; lastKnownFileType = folder.assetcatalog; path = Assets.xcassets; sourceTree = "<group>"; };
		9970321D683343F8AB2E7AA9 /* Localizable.xcstrings */ = {isa = PBXFileReference; lastKnownFileType = text.json.xcstrings; path = Localizable.xcstrings; sourceTree = "<group>"; };
		50BF7F8F0E4B42BBBCFE13BB /* Info.plist */ = {isa = PBXFileReference; lastKnownFileType = text.plist.xml; path = Info.plist; sourceTree = "<group>"; };
		030AA48E78CB427A80C4CA84 /* Development.xcconfig */ = {isa = PBXFileReference; lastKnownFileType = text.xcconfig; path = Development.xcconfig; sourceTree = "<group>"; };
/* End PBXFileReference section */

/* Begin PBXFrameworksBuildPhase section */
		AE96AF2706CE4AA4A567E0AB /* Frameworks */ = {
			isa = PBXFrameworksBuildPhase;
			buildActionMask = 2147483647;
			runOnlyForDeploymentPostprocessing = 0;
			files = (
			);
		};
/* End PBXFrameworksBuildPhase section */

/* Begin PBXGroup section */
		B0126E368844463DA91CFD4A /* Lextures */ = {
			isa = PBXGroup;
			children = (
				82FF3D9037614F7D912B9100 /* Resources */,
				2A410A01F90E46E8A6A39AAE /* App */,
				39BF973D32834F4FA8544E1B /* Core */,
				596BD63961F84704AA8F5557 /* Features */,
			);
			path = Lextures;
			sourceTree = "<group>";
		};
		02B8138C8F8F42BF8CD1BB5D /* LexturesTests */ = {
			isa = PBXGroup;
			children = (
				8BC2969F48E1471DA4EB1D1C /* AccessibilitySupportTests.swift */,
				F43AF2A003134E47AE837210 /* AuthCallbackParserTests.swift */,
				0B3117186ADD4438A2A3FEA4 /* BiometricGateTests.swift */,
				1B63433C37254D2085585426 /* I18nTests.swift */,
				4369D9F68DC445C7A4BC0563 /* OnboardingModelsTests.swift */,
				E3784FB835994C24B21B4F60 /* SettingsAccommodationsTests.swift */,
				C6D7E8F9A0B1428394C5D6E7 /* PlannerModelsTests.swift */,
				F6A7B8C9D0E1428394C5D6E8 /* NotificationModelsTests.swift */,
				M3A1B2C3D4E5411122334414 /* ModuleContentModelsTests.swift */,
			);
			path = LexturesTests;
			sourceTree = "<group>";
		};
		2A410A01F90E46E8A6A39AAE /* App */ = {
			isa = PBXGroup;
			children = (
				1C3F01341AD84E34AE09422E /* AppDelegate.swift */,
				6DE7FCAFE1384A3F91078813 /* LexturesApp.swift */,
				AB07F1BE7DC34EE9998687D7 /* RootView.swift */,
			);
			path = App;
			sourceTree = "<group>";
		};
		39BF973D32834F4FA8544E1B /* Core */ = {
			isa = PBXGroup;
			children = (
				581FA263CFB0497A8045C806 /* Accessibility */,
				469937FB173D4F6A84200A48 /* Auth */,
				408DA3CBC0144D9CA7F0D458 /* Config */,
				BB8945FC760B423EB8C0483F /* Design */,
				90FAC70D1556423DBC32F56E /* I18n */,
				1B3EAC82BC3D46A18F623739 /* LMS */,
				79EEB7BFD337473894F5D283 /* Networking */,
				E7C24A0857124202903E1A1E /* Notebook */,
				765A15F6115D44EA80117ED1 /* Offline */,
				13B3DA91E2FA4110A0ABADBB /* Push */,
				C9445C3DE2A44E1CBCF5EAD1 /* Routing */,
			);
			path = Core;
			sourceTree = "<group>";
		};
		596BD63961F84704AA8F5557 /* Features */ = {
			isa = PBXGroup;
			children = (
				D0FDF71EC90342E4A1392260 /* Auth */,
				8D0C15027B4A4A23862D6AA3 /* Courses */,
				AF3DB1D2D044424A9C4FD0F9 /* Dashboard */,
				644DE4EFF8584DC288D34D6B /* Grading */,
				97F5233AF9244D49A4812DE2 /* Home */,
				591868701C65498E97D8D3EE /* Inbox */,
				E8BA3C8D274942A5B37B666E /* Notebooks */,
				55622603749343E2B2CD7061 /* Onboarding */,
				D263B5A078CE4F27B9704BC2 /* Profile */,
				1A2B3C4D5E6F7890ABCDEFF1 /* Planner */,
				1952CD29E9EE4B7083789A00 /* Splash */,
			);
			path = Features;
			sourceTree = "<group>";
		};
		82FF3D9037614F7D912B9100 /* Resources */ = {
			isa = PBXGroup;
			children = (
				2053DE5D0F5246A3AEB9D1D4 /* Assets.xcassets */,
				9970321D683343F8AB2E7AA9 /* Localizable.xcstrings */,
				50BF7F8F0E4B42BBBCFE13BB /* Info.plist */,
			);
			path = Resources;
			sourceTree = "<group>";
		};
		581FA263CFB0497A8045C806 /* Accessibility */ = {
			isa = PBXGroup;
			children = (
				00DE2C22A5EA42E18C59718C /* AccessibilityPreferences.swift */,
				C0B27FE9BB884B85AD56E84A /* AccessibilitySupport.swift */,
				BA529C237C794A51A956B81C /* DictationField.swift */,
				3457CB6A16FA45649FE3325B /* ReadAloud.swift */,
			);
			path = Accessibility;
			sourceTree = "<group>";
		};
		469937FB173D4F6A84200A48 /* Auth */ = {
			isa = PBXGroup;
			children = (
				F7669A76D7194A34BC1DEC38 /* AuthAPI.swift */,
				1DCC176251F148AA8D4F5F34 /* AuthCallbackParser.swift */,
				40CB25177B50406296D9FC70 /* AuthConstants.swift */,
				760FA53F32A34B6E96CC0318 /* AuthSession.swift */,
				E75A7351865442659C846FB8 /* BiometricGate.swift */,
				BB6A53BECFC74498B2DE46F0 /* KeychainStore.swift */,
				30D64D71FD71408483BCB4FF /* SessionsAPI.swift */,
			);
			path = Auth;
			sourceTree = "<group>";
		};
		408DA3CBC0144D9CA7F0D458 /* Config */ = {
			isa = PBXGroup;
			children = (
				ED9BEF92E0F64B14BABE1F53 /* AppConfiguration.swift */,
			);
			path = Config;
			sourceTree = "<group>";
		};
		BB8945FC760B423EB8C0483F /* Design */ = {
			isa = PBXGroup;
			children = (
				B1251F41399F42B29B2B8A7A /* AuthFieldRepresentable.swift */,
				B7B036C7795443EDA8563FDE /* BrandLogoView.swift */,
				7529910AF6E84A33890DB824 /* LexturesTheme.swift */,
				07FAB9C5B10F496FA54000F2 /* LexturesType.swift */,
				C03A497BC20B47ADB04FA28A /* ProfileAvatarView.swift */,
				898203811D824C07AAAAC0C8 /* SyncStatusView.swift */,
				8DD9436A43E84BDE9DA29A30 /* ThemePreference.swift */,
			);
			path = Design;
			sourceTree = "<group>";
		};
		90FAC70D1556423DBC32F56E /* I18n */ = {
			isa = PBXGroup;
			children = (
				3BC84FC87183430293F9304D /* DateFormatting.swift */,
				1E65B3FC492E479483C3B81E /* LocaleAPI.swift */,
				ADA8B031399246DF8C1D48B4 /* LocalePreferences.swift */,
				D3600E6644054540A384340C /* Localized.swift */,
			);
			path = I18n;
			sourceTree = "<group>";
		};
		1B3EAC82BC3D46A18F623739 /* LMS */ = {
			isa = PBXGroup;
			children = (
				6E4B8FED33484199AC33FB98 /* AccountAccommodationModels.swift */,
				B40D80DA03E947DB82B8E178 /* CourseHeroImage.swift */,
				282C5126ED4C42AEB445FCE0 /* LMSAPI.swift */,
				71BCE627FB0E4BF8B8F9E385 /* LMSAPIFeatures.swift */,
				7A4D9797973942B89ACAD16A /* LMSFeatureModels.swift */,
				98382F5678594CB39F7AF3E4 /* LMSModels.swift */,
				B2C3D4E5F6A7489901B2C3D4 /* PlannerLogic.swift */,
				D4E5F6A7B8C9401122334455 /* NotificationLogic.swift */,
				M3A1B2C3D4E5411122334402 /* ModuleContentLogic.swift */,
				28C47DDFE8FE40478BAB3E22 /* OnboardingModels.swift */,
			);
			path = LMS;
			sourceTree = "<group>";
		};
		79EEB7BFD337473894F5D283 /* Networking */ = {
			isa = PBXGroup;
			children = (
				9EAD7E54C0C84416BD214927 /* APIClient.swift */,
				F832A9FCA8924C4D991C9013 /* APIError.swift */,
				D2AF7A027586430CAA0B8637 /* NetworkAuthContext.swift */,
				B578A73D37264F2C84CF266E /* NetworkBootstrap.swift */,
			);
			path = Networking;
			sourceTree = "<group>";
		};
		E7C24A0857124202903E1A1E /* Notebook */ = {
			isa = PBXGroup;
			children = (
				3348EB37EF7D440FBE560D91 /* NotebookDrawing.swift */,
				E419FBC8AF184DA4AEF399D5 /* NotebookMarkdown.swift */,
				09ED2CC619E4428EAD1B1FC5 /* NotebookSlashCommands.swift */,
				2E0F58C83B334A9FBCCD93D3 /* NotebookStore.swift */,
				B829C8C3AF1C45638484EA6B /* NotebookSync.swift */,
				A704739A23B346898876AEB3 /* NotebookTree.swift */,
			);
			path = Notebook;
			sourceTree = "<group>";
		};
		765A15F6115D44EA80117ED1 /* Offline */ = {
			isa = PBXGroup;
			children = (
				3D52C6CE349F40B78263E67F /* CacheStore.swift */,
				B25156329D8548C99D8E27FB /* DownloadStore.swift */,
				99A71F549D0445DA91F39603 /* NetworkMonitor.swift */,
				858252BEB99B465CA1A8EB30 /* OfflineModels.swift */,
				211CB6DA95D347FD974985F0 /* OfflineService.swift */,
				D4708FFE70F74C718295CC48 /* OutboxStore.swift */,
				19F331D70C9746A195B94E32 /* SyncEngine.swift */,
			);
			path = Offline;
			sourceTree = "<group>";
		};
		13B3DA91E2FA4110A0ABADBB /* Push */ = {
			isa = PBXGroup;
			children = (
				31C1B7B5F8054817A8A6C293 /* PushManager.swift */,
			);
			path = Push;
			sourceTree = "<group>";
		};
		C9445C3DE2A44E1CBCF5EAD1 /* Routing */ = {
			isa = PBXGroup;
			children = (
				78F6C8920C854C61973DD0C7 /* DeepLinkRouter.swift */,
			);
			path = Routing;
			sourceTree = "<group>";
		};
		D0FDF71EC90342E4A1392260 /* Auth */ = {
			isa = PBXGroup;
			children = (
				B83AB5B118904122893BAEA1 /* AuthFlowView.swift */,
				3818845EE35946D1B66237B6 /* LoginView.swift */,
				89F8E670F9A148B188BEEDE9 /* MFAChallengeView.swift */,
				6D467E4437D84655B0B50787 /* MfaPasskeyController.swift */,
				0AAC9C626D4F4C23A84AF659 /* SSOAuthController.swift */,
				873580B0E4FC4812AE0B1499 /* SignupView.swift */,
			);
			path = Auth;
			sourceTree = "<group>";
		};
		8D0C15027B4A4A23862D6AA3 /* Courses */ = {
			isa = PBXGroup;
			children = (
				4A528C38FE3C4B4291CC9CE6 /* CourseAttendanceView.swift */,
				A118CA8EB76D4D069F0E7202 /* CourseDetailView.swift */,
				9AF70F0DD2F94E6987A3AE9B /* CourseGradesView.swift */,
				BF45772A722B4389B638AF9B /* CourseSyllabusView.swift */,
				1F19FED039A04C7BA89AA0BF /* CoursesListView.swift */,
				97F2829CE211455FA877386E /* ItemDetailRows.swift */,
				407556A9CF044391AAB5A927 /* ItemDetailView.swift */,
				M3A1B2C3D4E5411122334404 /* CourseMarkdownContentView.swift */,
				M3A1B2C3D4E5411122334406 /* ModuleListView.swift */,
				M3A1B2C3D4E5411122334408 /* ContentPageView.swift */,
				M3A1B2C3D4E5411122334410 /* WebItemView.swift */,
				M3A1B2C3D4E5411122334412 /* ModuleItemRouteView.swift */,
			);
			path = Courses;
			sourceTree = "<group>";
		};
		AF3DB1D2D044424A9C4FD0F9 /* Dashboard */ = {
			isa = PBXGroup;
			children = (
				CC9160B5D01C409AB1218E8D /* DashboardView.swift */,
			);
			path = Dashboard;
			sourceTree = "<group>";
		};
		1A2B3C4D5E6F7890ABCDEFF1 /* Planner */ = {
			isa = PBXGroup;
			children = (
				B4C5D6E7F8A9489902B3C4D5 /* CalendarSubscribeSheet.swift */,
				F2A3B4C5D6E7489900F1A2B3 /* CalendarView.swift */,
				D4E5F6A7B8C9489902D3E4F5 /* DueReminderScheduler.swift */,
				F6A7B8C9D0E1489904F5A6B7 /* PlannerModel.swift */,
				B8C9D0E1F2A3489906B7C8D9 /* PlannerView.swift */,
				D0E1F2A3B4C5489908D9E0F1 /* TodosView.swift */,
			);
			path = Planner;
			sourceTree = "<group>";
		};
		644DE4EFF8584DC288D34D6B /* Grading */ = {
			isa = PBXGroup;
			children = (
				9BDD773D22894E5C93D1C096 /* GradingBacklogView.swift */,
				F56E63C464D64510B2ED3760 /* SpeedGraderView.swift */,
			);
			path = Grading;
			sourceTree = "<group>";
		};
		97F5233AF9244D49A4812DE2 /* Home */ = {
			isa = PBXGroup;
			children = (
				0884946FB1FB4C9AB56DB3BF /* AnnouncementsViews.swift */,
				2AAF37776D31459B99994CB1 /* MainTabView.swift */,
			);
			path = Home;
			sourceTree = "<group>";
		};
		591868701C65498E97D8D3EE /* Inbox */ = {
			isa = PBXGroup;
			children = (
				880D726D777C4A899CB53340 /* ComposeMessageView.swift */,
				E39BF626717246DFBC9FE5BB /* InboxView.swift */,
				596F80FA8E9543669DF84C2E /* MessageDetailView.swift */,
			);
			path = Inbox;
			sourceTree = "<group>";
		};
		E8BA3C8D274942A5B37B666E /* Notebooks */ = {
			isa = PBXGroup;
			children = (
				20CF8F09C32747938553B6B0 /* NotebookDrawingViews.swift */,
				E9D5529B78154EA9ABCAA276 /* NotebookEditorSupportViews.swift */,
				DD5734214B6E4AC39C1A0FDA /* NotebookEditorView.swift */,
				81B164EFAE244B48999A1399 /* NotebookPagesView.swift */,
				8753AA1393F247F38912EAA0 /* NotebooksListView.swift */,
			);
			path = Notebooks;
			sourceTree = "<group>";
		};
		55622603749343E2B2CD7061 /* Onboarding */ = {
			isa = PBXGroup;
			children = (
				B41E29C54D264895A9CAE658 /* DiagnosticView.swift */,
				3FCF6960F8E44E1892414E6F /* OnboardingFlowView.swift */,
			);
			path = Onboarding;
			sourceTree = "<group>";
		};
		D263B5A078CE4F27B9704BC2 /* Profile */ = {
			isa = PBXGroup;
			children = (
				93E9B74E85AF4DD29CEF509A /* BiometricLockView.swift */,
				60D14A2A280840558DEC54CE /* DeviceSessionsView.swift */,
				6DE8F92464EC4AF5A823B613 /* EditProfileView.swift */,
				0A687BB990EB4B6CA04A014C /* MyAccommodationsView.swift */,
				F7CA3697048642E093499028 /* NotificationsView.swift */,
				E5F6A7B8C9D0411223344556 /* NotificationPreferencesView.swift */,
				49517DA52F4E4B8A8BD9B932 /* ProfileSecurityCard.swift */,
				891583FDCE194268AF7214EC /* ProfileSettingsCards.swift */,
				6AA7F17A55E04639A7A17662 /* ProfileView.swift */,
			);
			path = Profile;
			sourceTree = "<group>";
		};
		1952CD29E9EE4B7083789A00 /* Splash */ = {
			isa = PBXGroup;
			children = (
				42151738D730461A999E38B3 /* SplashView.swift */,
			);
			path = Splash;
			sourceTree = "<group>";
		};
		CC37C2E4BD644F57A93B47F1 /* Products */ = {
			isa = PBXGroup;
			children = (
				7BA1D4C5A2D84FABB1CCCAA9 /* Lextures.app */,
				ACCFBCB7F11F4B988F485D31 /* LexturesTests.xctest */,
			);
			name = Products;
			sourceTree = "<group>";
		};
		9B6D8C8A00414A54A74D72C2 /* Config */ = {
			isa = PBXGroup;
			children = (
				030AA48E78CB427A80C4CA84 /* Development.xcconfig */,
			);
			path = Config;
			sourceTree = "<group>";
		};
		8D2E8D7EF4F849418A12B47E = {
			isa = PBXGroup;
			children = (
				B0126E368844463DA91CFD4A /* Lextures */,
				02B8138C8F8F42BF8CD1BB5D /* LexturesTests */,
				9B6D8C8A00414A54A74D72C2 /* Config */,
				CC37C2E4BD644F57A93B47F1 /* Products */,
			);
			sourceTree = "<group>";
		};
/* End PBXGroup section */

/* Begin PBXNativeTarget section */
		0B16D941C71D4E4DA679C961 /* Lextures */ = {
			isa = PBXNativeTarget;
			buildConfigurationList = 4E26CC398573496290D7D4B3 /* Build configuration list for PBXNativeTarget "Lextures" */;
			buildPhases = (
				ECE435734EBA40B98FE34495 /* Sources */,
				AE96AF2706CE4AA4A567E0AB /* Frameworks */,
				4678C4B61620430D860B3949 /* Resources */,
			);
			buildRules = (
			);
			dependencies = (
			);
			name = "Lextures";
			productName = Lextures;
			productReference = 7BA1D4C5A2D84FABB1CCCAA9 /* Lextures.app */;
			productType = "com.apple.product-type.application";
		};
		7B1D19B8F4F04664B41B83E5 /* LexturesTests */ = {
			isa = PBXNativeTarget;
			buildConfigurationList = 26181C75D37A4B679B050E6B /* Build configuration list for PBXNativeTarget "LexturesTests" */;
			buildPhases = (
				8FFD1D04AF724154B642C507 /* Sources */,
				FB162E6E4BEF43718AA21565 /* Frameworks */,
			);
			buildRules = (
			);
			dependencies = (
				246F26253D28446FBCB0B804 /* PBXTargetDependency */,
			);
			name = "LexturesTests";
			productName = LexturesTests;
			productReference = ACCFBCB7F11F4B988F485D31 /* LexturesTests.xctest */;
			productType = "com.apple.product-type.bundle.unit-test";
		};
/* End PBXNativeTarget section */

/* Begin PBXContainerItemProxy section */
		F0C80BCA1B564F6F81B2C507 /* PBXContainerItemProxy */ = {
			isa = PBXContainerItemProxy;
			containerPortal = 22512129CB4F4BEB96F37693 /* Project object */;
			proxyType = 1;
			remoteGlobalIDString = 0B16D941C71D4E4DA679C961;
			remoteInfo = Lextures;
			};
/* End PBXContainerItemProxy section */

/* Begin PBXTargetDependency section */
		246F26253D28446FBCB0B804 /* PBXTargetDependency */ = {
			isa = PBXTargetDependency;
			target = 0B16D941C71D4E4DA679C961 /* Lextures */;
			targetProxy = F0C80BCA1B564F6F81B2C507 /* PBXContainerItemProxy */;
		};
/* End PBXTargetDependency section */

/* Begin PBXProject section */
		22512129CB4F4BEB96F37693 /* Project object */ = {
			isa = PBXProject;
			attributes = {
				BuildIndependentTargetsInParallel = 1;
				LastSwiftUpdateCheck = 1600;
				LastUpgradeCheck = 1600;
				TargetAttributes = {
					0B16D941C71D4E4DA679C961 = {
						CreatedOnToolsVersion = 16.0;
					};
				};
			};
			buildConfigurationList = DAEAB0EB95FC49469654DF97 /* Build configuration list for PBXProject "Lextures" */;
			compatibilityVersion = "Xcode 15.0";
			developmentRegion = en;
			hasScannedForEncodings = 0;
			knownRegions = (
				en,
				Base,
			);
			mainGroup = 8D2E8D7EF4F849418A12B47E;
			productRefGroup = CC37C2E4BD644F57A93B47F1 /* Products */;
			projectDirPath = "";
			projectRoot = "";
			targets = (
				0B16D941C71D4E4DA679C961 /* Lextures */,
				7B1D19B8F4F04664B41B83E5 /* LexturesTests */,
			);
		};
/* End PBXProject section */

/* Begin PBXResourcesBuildPhase section */
		4678C4B61620430D860B3949 /* Resources */ = {
			isa = PBXResourcesBuildPhase;
			buildActionMask = 2147483647;
			runOnlyForDeploymentPostprocessing = 0;
			files = (
				711799B9D1F1408A9BCB0B2F /* Assets.xcassets in Resources */,
				7C91B2C542B2444EA0DC3317 /* Localizable.xcstrings in Resources */,
			);
		};
/* End PBXResourcesBuildPhase section */

/* Begin PBXSourcesBuildPhase section */
		ECE435734EBA40B98FE34495 /* Sources */ = {
			isa = PBXSourcesBuildPhase;
			buildActionMask = 2147483647;
			runOnlyForDeploymentPostprocessing = 0;
			files = (
				4D1735AC484C46849DA03384 /* AppDelegate.swift in Sources */,
				4D26FA9B1D1443C3803294B8 /* LexturesApp.swift in Sources */,
				2D101516957C4168BAA5CC85 /* RootView.swift in Sources */,
				3E50DA565F7344AC86D08D34 /* AccessibilityPreferences.swift in Sources */,
				5FE24F8BE02F40D49E81BB60 /* AccessibilitySupport.swift in Sources */,
				D480C470B2244CAD8DBE930C /* DictationField.swift in Sources */,
				FEB945BEAF2A4605A3171A2F /* ReadAloud.swift in Sources */,
				D0854937C82041B5B37A494C /* AuthAPI.swift in Sources */,
				B39EFEFD58A14CD6BF33ADAD /* AuthCallbackParser.swift in Sources */,
				B52C49DFD03C465AA6BC46AF /* AuthConstants.swift in Sources */,
				1781A0EBCF844C61AAC0F77E /* AuthSession.swift in Sources */,
				2FF9F31E0F7240CA8EEBBB3C /* BiometricGate.swift in Sources */,
				B14370E4928A4531A42F9FC1 /* KeychainStore.swift in Sources */,
				F1A926D896DB4C2AA42EE452 /* SessionsAPI.swift in Sources */,
				42D67C78A2384E0BA910B15C /* AppConfiguration.swift in Sources */,
				82A3A36131604AF5A6C17BBA /* AuthFieldRepresentable.swift in Sources */,
				3721AA0E2C8542BDAFD7E0BB /* BrandLogoView.swift in Sources */,
				49988108820F41ABA10AA153 /* LexturesTheme.swift in Sources */,
				A566F557E2304E0AB76F007A /* LexturesType.swift in Sources */,
				D72AE86496B84C559EB22156 /* ProfileAvatarView.swift in Sources */,
				0087FA0DC19541838A8035DE /* SyncStatusView.swift in Sources */,
				B5848970479448EF902DB070 /* ThemePreference.swift in Sources */,
				1CEF0E8959944D388577C144 /* DateFormatting.swift in Sources */,
				ADE39B2EA0744BDA8B933C7A /* LocaleAPI.swift in Sources */,
				57E271244E8E474B9857E995 /* LocalePreferences.swift in Sources */,
				BAB0211C07474875A9999B13 /* Localized.swift in Sources */,
				66D4B0D5587F4153A9CDE29D /* AccountAccommodationModels.swift in Sources */,
				3287D3A65BB443928F59D347 /* CourseHeroImage.swift in Sources */,
				637C2B3E8CEF4B8093466468 /* LMSAPI.swift in Sources */,
				E237285EBB8C4B838B10A0F9 /* LMSAPIFeatures.swift in Sources */,
				D7DFF07DF5B54EE299DE3872 /* LMSFeatureModels.swift in Sources */,
				9B044632A9974F319A0C8050 /* LMSModels.swift in Sources */,
				A1B2C3D4E5F6478990A1B2C3 /* PlannerLogic.swift in Sources */,
				C3D4E5F6A7B8490112233445 /* NotificationLogic.swift in Sources */,
				M3A1B2C3D4E5411122334401 /* ModuleContentLogic.swift in Sources */,
				7573FE3E2C404A3091B6C4A1 /* OnboardingModels.swift in Sources */,
				99F923C74A49424997DBC097 /* APIClient.swift in Sources */,
				B96E69AE38DD4CDBA99B8D65 /* APIError.swift in Sources */,
				13E8F25E9B01496186DF5F88 /* NetworkAuthContext.swift in Sources */,
				7CB613F526C948C2993C9CDF /* NetworkBootstrap.swift in Sources */,
				A64CF0995879488D895484A1 /* NotebookDrawing.swift in Sources */,
				EDA30328125C44A6A16A0647 /* NotebookMarkdown.swift in Sources */,
				DA88EEE66C1E49028A73E380 /* NotebookSlashCommands.swift in Sources */,
				4E32C8FF01FB43F0B66AAA22 /* NotebookStore.swift in Sources */,
				90656504EF4549D4AAAC1191 /* NotebookSync.swift in Sources */,
				A81C0E0A42144F3A8BDDE9A4 /* NotebookTree.swift in Sources */,
				A5FA0D4EACEF4BF38345D1BD /* CacheStore.swift in Sources */,
				2C78416A4ABD43C3BFF99E9C /* DownloadStore.swift in Sources */,
				2940C852B48B4E80844ABB6E /* NetworkMonitor.swift in Sources */,
				78F27A3B6C344E22AFDF7C62 /* OfflineModels.swift in Sources */,
				F95BF7A4DE4E479FBA788ED1 /* OfflineService.swift in Sources */,
				ED19AB25D6004ADE998F09D9 /* OutboxStore.swift in Sources */,
				73E933BC65F145FA9359FCD8 /* SyncEngine.swift in Sources */,
				854B7F46D01744608F58EAD3 /* PushManager.swift in Sources */,
				9BD0BF124B24406B9DE55A00 /* DeepLinkRouter.swift in Sources */,
				C0D6195A065C4CAFB048DA12 /* AuthFlowView.swift in Sources */,
				714C9BEDD6834EF0A4E01522 /* LoginView.swift in Sources */,
				8D4FA0B8F18D498790D2DEA6 /* MFAChallengeView.swift in Sources */,
				592876EE760F4A9D8485052C /* MfaPasskeyController.swift in Sources */,
				CEE53BAE85FA47EF89A173A4 /* SSOAuthController.swift in Sources */,
				C3C1E1D1DCBE48A9BF0949D1 /* SignupView.swift in Sources */,
				C1624EB403F345BF92E090DC /* CourseAttendanceView.swift in Sources */,
				7EE6E350C00E4D4388B698DF /* CourseDetailView.swift in Sources */,
				ECA118E0C05E46FCA4E03ED9 /* CourseGradesView.swift in Sources */,
				38B711A1CED0460AB2E8F1A9 /* CourseSyllabusView.swift in Sources */,
				63AF331D039146A7B3A4F136 /* CoursesListView.swift in Sources */,
				ABC6FAAA9B7547619382557B /* ItemDetailRows.swift in Sources */,
				60D2B82D109C4E5EB4E2D68B /* ItemDetailView.swift in Sources */,
				M3A1B2C3D4E5411122334403 /* CourseMarkdownContentView.swift in Sources */,
				M3A1B2C3D4E5411122334405 /* ModuleListView.swift in Sources */,
				M3A1B2C3D4E5411122334407 /* ContentPageView.swift in Sources */,
				M3A1B2C3D4E5411122334409 /* WebItemView.swift in Sources */,
				M3A1B2C3D4E5411122334411 /* ModuleItemRouteView.swift in Sources */,
				7E4C03B27E32438885D1765F /* DashboardView.swift in Sources */,
				A3B4C5D6E7F8489901A2B3C4 /* CalendarSubscribeSheet.swift in Sources */,
				E1F2A3B4C5D6489909E0F1A2 /* CalendarView.swift in Sources */,
				C3D4E5F6A7B8489901C2D3E4 /* DueReminderScheduler.swift in Sources */,
				E5F6A7B8C9D0489903E4F5A6 /* PlannerModel.swift in Sources */,
				A7B8C9D0E1F2489905A6B7C8 /* PlannerView.swift in Sources */,
				C9D0E1F2A3B4489907C8D9E0 /* TodosView.swift in Sources */,
				1F4AAAE5695145BFB5012CC6 /* GradingBacklogView.swift in Sources */,
				AC8FB87377DF414C9A26F0C4 /* SpeedGraderView.swift in Sources */,
				C9DB6E74EC3746CBA8AA6490 /* AnnouncementsViews.swift in Sources */,
				03DF584B0A82478EAE7C6BC8 /* MainTabView.swift in Sources */,
				8DF6DB70E28C4D10A2F02FEB /* ComposeMessageView.swift in Sources */,
				9A89620305C1404F8540824B /* InboxView.swift in Sources */,
				5203C81EB5E74057A561CD1D /* MessageDetailView.swift in Sources */,
				B6BB9126198D4A61A536B27D /* NotebookDrawingViews.swift in Sources */,
				7C1A3B0B6B4645069D03C5C5 /* NotebookEditorSupportViews.swift in Sources */,
				5044945A3BCE40A19132CEDD /* NotebookEditorView.swift in Sources */,
				6CCAF4AE1D4F4801B01A2D2D /* NotebookPagesView.swift in Sources */,
				031668FC0FD34F929F5A7CA8 /* NotebooksListView.swift in Sources */,
				4A6896A95ED7452BBE818356 /* DiagnosticView.swift in Sources */,
				47298E586ECA4501AF17785B /* OnboardingFlowView.swift in Sources */,
				99058F4947CE40D08F0B33BF /* BiometricLockView.swift in Sources */,
				6C702B276C1C4440A600A940 /* DeviceSessionsView.swift in Sources */,
				BB24F49BCA3C44C7B8F79AE7 /* EditProfileView.swift in Sources */,
				496A344650BE440D872C45A2 /* MyAccommodationsView.swift in Sources */,
				85132FAFC4DF4B07BBFF7ED7 /* NotificationsView.swift in Sources */,
				D5E6F7A8B9C0411223344556 /* NotificationPreferencesView.swift in Sources */,
				A51EB3D6A87E460B9B0DD07E /* ProfileSecurityCard.swift in Sources */,
				6FCFEF23572549FE82A92DFB /* ProfileSettingsCards.swift in Sources */,
				7BC32404685D4B6AAC0F4EBB /* ProfileView.swift in Sources */,
				901616D01D704887AA16E417 /* SplashView.swift in Sources */,
			);
		};
/* End PBXSourcesBuildPhase section */

/* Begin PBXSourcesBuildPhase section */
		8FFD1D04AF724154B642C507 /* Sources */ = {
			isa = PBXSourcesBuildPhase;
			buildActionMask = 2147483647;
			runOnlyForDeploymentPostprocessing = 0;
			files = (
				7A7E6836DB2E471F857C17B4 /* AccessibilitySupportTests.swift in Sources */,
				AE2FC99475894E1CBDD1C4F1 /* AuthCallbackParserTests.swift in Sources */,
				EEB923812B14434C8DBB5A9D /* BiometricGateTests.swift in Sources */,
				440959E8D90944B2A4772C12 /* I18nTests.swift in Sources */,
				82E18B8FC6E84B0DA658C738 /* OnboardingModelsTests.swift in Sources */,
				771C35CD417349AAB4C99F3B /* SettingsAccommodationsTests.swift in Sources */,
				B5C6D7E8F9A0418293B4C5D6 /* PlannerModelsTests.swift in Sources */,
				E7F8A9B0C1D2418293B4C5D7 /* NotificationModelsTests.swift in Sources */,
				M3A1B2C3D4E5411122334413 /* ModuleContentModelsTests.swift in Sources */,
			);
		};
/* End PBXSourcesBuildPhase section */

/* Begin PBXFrameworksBuildPhase section */
		FB162E6E4BEF43718AA21565 /* Frameworks */ = {
			isa = PBXFrameworksBuildPhase;
			buildActionMask = 2147483647;
			runOnlyForDeploymentPostprocessing = 0;
			files = (
			);
		};
/* End PBXFrameworksBuildPhase section */

/* Begin XCBuildConfiguration section */
		27F449C86C3247E59A076FB4 /* Debug */ = {
			isa = XCBuildConfiguration;
			buildSettings = {
				ALWAYS_SEARCH_USER_PATHS = NO;
				CLANG_ENABLE_MODULES = YES;
				COPY_PHASE_STRIP = NO;
				DEBUG_INFORMATION_FORMAT = dwarf;
				ENABLE_USER_SCRIPT_SANDBOXING = YES;
				GCC_DYNAMIC_NO_PIC = NO;
				GCC_OPTIMIZATION_LEVEL = 0;
				IPHONEOS_DEPLOYMENT_TARGET = 17.0;
				MTL_ENABLE_DEBUG_INFO = INCLUDE_SOURCE;
				ONLY_ACTIVE_ARCH = YES;
				SDKROOT = iphoneos;
				SWIFT_ACTIVE_COMPILATION_CONDITIONS = DEBUG;
				SWIFT_OPTIMIZATION_LEVEL = -Onone;
			};
			name = Debug;
		};
		56672311773140A5B932F2FD /* Release */ = {
			isa = XCBuildConfiguration;
			buildSettings = {
				ALWAYS_SEARCH_USER_PATHS = NO;
				CLANG_ENABLE_MODULES = YES;
				COPY_PHASE_STRIP = NO;
				DEBUG_INFORMATION_FORMAT = dwarf-with-dsym;
				ENABLE_USER_SCRIPT_SANDBOXING = YES;
				GCC_DYNAMIC_NO_PIC = NO;
				GCC_OPTIMIZATION_LEVEL = s;
				IPHONEOS_DEPLOYMENT_TARGET = 17.0;
				MTL_ENABLE_DEBUG_INFO = NO;
				ONLY_ACTIVE_ARCH = NO;
				SDKROOT = iphoneos;
				SWIFT_OPTIMIZATION_LEVEL = -O;
			};
			name = Release;
		};
		2500F54933074E8083A2FB85 /* Debug */ = {
			isa = XCBuildConfiguration;
			baseConfigurationReference = 030AA48E78CB427A80C4CA84 /* Development.xcconfig */;
			buildSettings = {
				ASSETCATALOG_COMPILER_APPICON_NAME = AppIcon;
				ASSETCATALOG_COMPILER_GLOBAL_ACCENT_COLOR_NAME = AccentColor;
				CODE_SIGN_ENTITLEMENTS = Lextures/Resources/Lextures.entitlements;
				CODE_SIGN_STYLE = Automatic;
				CURRENT_PROJECT_VERSION = 1;
				DEVELOPMENT_TEAM = "";
				ENABLE_PREVIEWS = YES;
				ENABLE_TESTABILITY = YES;
				GENERATE_INFOPLIST_FILE = NO;
				INFOPLIST_FILE = Lextures/Resources/Info.plist;
				LD_RUNPATH_SEARCH_PATHS = (
					"$(inherited)",
					"@executable_path/Frameworks",
				);
				MARKETING_VERSION = 0.1.0;
				PRODUCT_BUNDLE_IDENTIFIER = com.lextures.ios;
				PRODUCT_NAME = "$(TARGET_NAME)";
				SUPPORTED_PLATFORMS = "iphoneos iphonesimulator";
				SUPPORTS_MACCATALYST = NO;
				SWIFT_EMIT_LOC_STRINGS = YES;
				SWIFT_VERSION = 5.0;
				TARGETED_DEVICE_FAMILY = 1;
			};
			name = Debug;
		};
		FC245CC5AA9E46A6837DEE67 /* Release */ = {
			isa = XCBuildConfiguration;
			baseConfigurationReference = 030AA48E78CB427A80C4CA84 /* Development.xcconfig */;
			buildSettings = {
				ASSETCATALOG_COMPILER_APPICON_NAME = AppIcon;
				ASSETCATALOG_COMPILER_GLOBAL_ACCENT_COLOR_NAME = AccentColor;
				CODE_SIGN_ENTITLEMENTS = Lextures/Resources/Lextures.entitlements;
				CODE_SIGN_STYLE = Automatic;
				CURRENT_PROJECT_VERSION = 1;
				DEVELOPMENT_TEAM = "";
				ENABLE_PREVIEWS = YES;
				GENERATE_INFOPLIST_FILE = NO;
				INFOPLIST_FILE = Lextures/Resources/Info.plist;
				LD_RUNPATH_SEARCH_PATHS = (
					"$(inherited)",
					"@executable_path/Frameworks",
				);
				MARKETING_VERSION = 0.1.0;
				PRODUCT_BUNDLE_IDENTIFIER = com.lextures.ios;
				PRODUCT_NAME = "$(TARGET_NAME)";
				SUPPORTED_PLATFORMS = "iphoneos iphonesimulator";
				SUPPORTS_MACCATALYST = NO;
				SWIFT_EMIT_LOC_STRINGS = YES;
				SWIFT_VERSION = 5.0;
				TARGETED_DEVICE_FAMILY = 1;
			};
			name = Release;
		};
		2D92B8791C764A2B90D97827 /* Debug */ = {
			isa = XCBuildConfiguration;
			baseConfigurationReference = 030AA48E78CB427A80C4CA84 /* Development.xcconfig */;
			buildSettings = {
				BUNDLE_LOADER = "$(TEST_HOST)";
				CODE_SIGN_STYLE = Automatic;
				CURRENT_PROJECT_VERSION = 1;
				GENERATE_INFOPLIST_FILE = YES;
				IPHONEOS_DEPLOYMENT_TARGET = 17.0;
				MARKETING_VERSION = 0.1.0;
				PRODUCT_BUNDLE_IDENTIFIER = com.lextures.ios.tests;
				PRODUCT_NAME = "$(TARGET_NAME)";
				SWIFT_VERSION = 5.0;
				TARGETED_DEVICE_FAMILY = 1;
				TEST_HOST = "$(BUILT_PRODUCTS_DIR)/Lextures.app/$(BUNDLE_EXECUTABLE_FOLDER_PATH)/Lextures";
			};
			name = Debug;
		};
		65FC929B11314D9C9747A52B /* Release */ = {
			isa = XCBuildConfiguration;
			baseConfigurationReference = 030AA48E78CB427A80C4CA84 /* Development.xcconfig */;
			buildSettings = {
				BUNDLE_LOADER = "$(TEST_HOST)";
				CODE_SIGN_STYLE = Automatic;
				CURRENT_PROJECT_VERSION = 1;
				GENERATE_INFOPLIST_FILE = YES;
				IPHONEOS_DEPLOYMENT_TARGET = 17.0;
				MARKETING_VERSION = 0.1.0;
				PRODUCT_BUNDLE_IDENTIFIER = com.lextures.ios.tests;
				PRODUCT_NAME = "$(TARGET_NAME)";
				SWIFT_VERSION = 5.0;
				TARGETED_DEVICE_FAMILY = 1;
				TEST_HOST = "$(BUILT_PRODUCTS_DIR)/Lextures.app/$(BUNDLE_EXECUTABLE_FOLDER_PATH)/Lextures";
			};
			name = Release;
		};
/* End XCBuildConfiguration section */

/* Begin XCConfigurationList section */
		DAEAB0EB95FC49469654DF97 /* Build configuration list for PBXProject "Lextures" */ = {
			isa = XCConfigurationList;
			buildConfigurations = (
				27F449C86C3247E59A076FB4 /* Debug */,
				56672311773140A5B932F2FD /* Release */,
			);
			defaultConfigurationIsVisible = 0;
			defaultConfigurationName = Release;
		};
		4E26CC398573496290D7D4B3 /* Build configuration list for PBXNativeTarget "Lextures" */ = {
			isa = XCConfigurationList;
			buildConfigurations = (
				2500F54933074E8083A2FB85 /* Debug */,
				FC245CC5AA9E46A6837DEE67 /* Release */,
			);
			defaultConfigurationIsVisible = 0;
			defaultConfigurationName = Release;
		};
		26181C75D37A4B679B050E6B /* Build configuration list for PBXNativeTarget "LexturesTests" */ = {
			isa = XCConfigurationList;
			buildConfigurations = (
				2D92B8791C764A2B90D97827 /* Debug */,
				65FC929B11314D9C9747A52B /* Release */,
			);
			defaultConfigurationIsVisible = 0;
			defaultConfigurationName = Release;
		};
/* End XCConfigurationList section */
	};
	rootObject = 22512129CB4F4BEB96F37693 /* Project object */;
}
