// !$*UTF8*$!
{
	archiveVersion = 1;
	classes = {
	};
	objectVersion = 56;
	objects = {

/* Begin PBXBuildFile section */
		E35526F251854E0585079E56 /* AppDelegate.swift in Sources */ = {isa = PBXBuildFile; fileRef = 1E44FE76D6F04AEAAB841227 /* AppDelegate.swift */; };
		A2FAB08FAF144C54B2FFCCEF /* LexturesApp.swift in Sources */ = {isa = PBXBuildFile; fileRef = DF86F79AFCA040DEAF041747 /* LexturesApp.swift */; };
		07ABFFCB137D41DE88604C07 /* RootView.swift in Sources */ = {isa = PBXBuildFile; fileRef = C060D578B98F4E87A9883973 /* RootView.swift */; };
		E296124059CA45C2A2050B6D /* AccessibilityPreferences.swift in Sources */ = {isa = PBXBuildFile; fileRef = 6A12FD9362AA46468C2F7B4F /* AccessibilityPreferences.swift */; };
		EC20D8A5951443CA944411A9 /* AccessibilitySupport.swift in Sources */ = {isa = PBXBuildFile; fileRef = DF96330482344D45808E8CC0 /* AccessibilitySupport.swift */; };
		E79C53CC073A43E1BB85343B /* DictationField.swift in Sources */ = {isa = PBXBuildFile; fileRef = 08270942052E486B8D0633FB /* DictationField.swift */; };
		75DE22C0CC3A4B9680F2D3CD /* ReadAloud.swift in Sources */ = {isa = PBXBuildFile; fileRef = 7301A4762CE64094A2CB755D /* ReadAloud.swift */; };
		DEEE62B0CA1141F291C93BB9 /* AuthAPI.swift in Sources */ = {isa = PBXBuildFile; fileRef = 5ADAD44B29654DEC91FECDCE /* AuthAPI.swift */; };
		97965348C2284D13821661E8 /* AuthCallbackParser.swift in Sources */ = {isa = PBXBuildFile; fileRef = B59624CD24E74C8BA2E331A2 /* AuthCallbackParser.swift */; };
		81FB57F307B84F01A370F45B /* AuthConstants.swift in Sources */ = {isa = PBXBuildFile; fileRef = 9E8EC0AE4EF94BF8BBB069E1 /* AuthConstants.swift */; };
		4AFCB56F42024F589818C72D /* AuthSession.swift in Sources */ = {isa = PBXBuildFile; fileRef = C3D078B9737840CD8A4CD567 /* AuthSession.swift */; };
		79EE60BD8DEF47FEB93651D8 /* BiometricGate.swift in Sources */ = {isa = PBXBuildFile; fileRef = 71D81E6BB30A4C0697F68976 /* BiometricGate.swift */; };
		69A53BED641C4253A7DB1FDD /* KeychainStore.swift in Sources */ = {isa = PBXBuildFile; fileRef = A80E156457AB4D65B45DC7ED /* KeychainStore.swift */; };
		E9B84F0F2EC34E7C8B464B3C /* SessionsAPI.swift in Sources */ = {isa = PBXBuildFile; fileRef = 45724A494B554DEFBBE44718 /* SessionsAPI.swift */; };
		7799F924AB19432185F70250 /* AppConfiguration.swift in Sources */ = {isa = PBXBuildFile; fileRef = 0D061462DD6746798D33A715 /* AppConfiguration.swift */; };
		7AA67A25D294495CB607F42B /* AuthFieldRepresentable.swift in Sources */ = {isa = PBXBuildFile; fileRef = F3A40709663144CC88282FC6 /* AuthFieldRepresentable.swift */; };
		7B571A264DA54749B5B67276 /* BrandLogoView.swift in Sources */ = {isa = PBXBuildFile; fileRef = A8E492B0070A403284EF62EB /* BrandLogoView.swift */; };
		664860B466BC47939933F538 /* LexturesTheme.swift in Sources */ = {isa = PBXBuildFile; fileRef = ECFB8B032BA143069E94A100 /* LexturesTheme.swift */; };
		1EE03B4A65B6499BA2E0E90B /* LexturesType.swift in Sources */ = {isa = PBXBuildFile; fileRef = FEB79E224B5541EC8996D9DF /* LexturesType.swift */; };
		D736A162D2D2475D9EC09CBE /* ProfileAvatarView.swift in Sources */ = {isa = PBXBuildFile; fileRef = E90EB3EA819143EBB8A50C07 /* ProfileAvatarView.swift */; };
		7288F8996A7944CDBED21D05 /* SyncStatusView.swift in Sources */ = {isa = PBXBuildFile; fileRef = C838D72672DE488B8846589C /* SyncStatusView.swift */; };
		7D239969ECFD48548987A8B2 /* ThemePreference.swift in Sources */ = {isa = PBXBuildFile; fileRef = 1776AA3AA9CA4271AAE1EFD0 /* ThemePreference.swift */; };
		46AF9E7544134F39BEB896AA /* DateFormatting.swift in Sources */ = {isa = PBXBuildFile; fileRef = B6E016B0AA5A499FB6E631B8 /* DateFormatting.swift */; };
		B2E6C66A44854C4F8D8B980F /* LocaleAPI.swift in Sources */ = {isa = PBXBuildFile; fileRef = 329FE21A9BC546A99C1FD539 /* LocaleAPI.swift */; };
		67574F96BD224A69AE8F15C6 /* LocalePreferences.swift in Sources */ = {isa = PBXBuildFile; fileRef = 32DB0F186B6A434A9E1002F1 /* LocalePreferences.swift */; };
		317DE77FB3424400BD3071B6 /* Localized.swift in Sources */ = {isa = PBXBuildFile; fileRef = 88D39837E4754A78A2C722BD /* Localized.swift */; };
		0FBAF05633D8404BB66D17E0 /* AccountAccommodationModels.swift in Sources */ = {isa = PBXBuildFile; fileRef = 597DC713C55B47259C6FE9E3 /* AccountAccommodationModels.swift */; };
		0CE304928F024E158B2E9582 /* CourseFileLogic.swift in Sources */ = {isa = PBXBuildFile; fileRef = 6DA47D291CB34CADAB5B9BD8 /* CourseFileLogic.swift */; };
		F1A2B3C4D5E6478990ABCD01 /* InteractiveLaunchLogic.swift in Sources */ = {isa = PBXBuildFile; fileRef = A2B3C4D5E6478990ABCD0123 /* InteractiveLaunchLogic.swift */; };
		A8C866A8BEF9446BA5E9C423 /* CourseHeroImage.swift in Sources */ = {isa = PBXBuildFile; fileRef = 347D13C3C0094095A5D7DFCF /* CourseHeroImage.swift */; };
		07C24D615E8B431395E47B28 /* FileDownloadManager.swift in Sources */ = {isa = PBXBuildFile; fileRef = 0B6CFD5DF87040EEA7CC5DB2 /* FileDownloadManager.swift */; };
		BC138961D20F4E65B24E9DF1 /* LMSAPI.swift in Sources */ = {isa = PBXBuildFile; fileRef = 2DD1B598914F4035B82A92A4 /* LMSAPI.swift */; };
		D656564A546947DAB6E4312B /* LMSAPIFeatures.swift in Sources */ = {isa = PBXBuildFile; fileRef = B07078891CD140D3AED453C9 /* LMSAPIFeatures.swift */; };
		CC659EE1CCCD45D78A6A833C /* LMSFeatureModels.swift in Sources */ = {isa = PBXBuildFile; fileRef = C17B863325CD441EB410D188 /* LMSFeatureModels.swift */; };
		A47B8E49CE284127994785CE /* LMSModels.swift in Sources */ = {isa = PBXBuildFile; fileRef = 5DA30880F9D54F63AB8C806E /* LMSModels.swift */; };
		98E916F42D02454AABB627CF /* ModuleContentLogic.swift in Sources */ = {isa = PBXBuildFile; fileRef = 2AAF537B60BE4C36BFE9DEA2 /* ModuleContentLogic.swift */; };
		B1C2D3E4F5A6478990ABCD012 /* RequirementsLogic.swift in Sources */ = {isa = PBXBuildFile; fileRef = B1C2D3E4F5A6478990ABCD011 /* RequirementsLogic.swift */; };
		4CBA6FD62BE642F3A3B79A2B /* NotificationLogic.swift in Sources */ = {isa = PBXBuildFile; fileRef = DA8305FEABC24795A1E4A13A /* NotificationLogic.swift */; };
		9D2C45AB52DF4F57B660C051 /* OnboardingModels.swift in Sources */ = {isa = PBXBuildFile; fileRef = E87885F6CC174F6B87064CC4 /* OnboardingModels.swift */; };
		9AB060D0A3334AEBB3EA8B7A /* PlannerLogic.swift in Sources */ = {isa = PBXBuildFile; fileRef = 3ED45D6330334F6D875028E4 /* PlannerLogic.swift */; };
		DB1527A25B3B4515A3DA9A74 /* APIClient.swift in Sources */ = {isa = PBXBuildFile; fileRef = D6AFD47647EB4F618DEE05F3 /* APIClient.swift */; };
		F22A8E4C73B346299930FC54 /* APIError.swift in Sources */ = {isa = PBXBuildFile; fileRef = C1E185AC08C448048F6B7F0F /* APIError.swift */; };
		FBFEB7B51C4A41DE8DFD3891 /* NetworkAuthContext.swift in Sources */ = {isa = PBXBuildFile; fileRef = 5FF373D417B043E0BA23BAFE /* NetworkAuthContext.swift */; };
		33039AEBB3AF487F8451F278 /* NetworkBootstrap.swift in Sources */ = {isa = PBXBuildFile; fileRef = DAD7E856890D4A4DA1FAE54F /* NetworkBootstrap.swift */; };
		3100984D30AD455C9162A5B1 /* NotebookDrawing.swift in Sources */ = {isa = PBXBuildFile; fileRef = 260C89A51D5546478C91EF23 /* NotebookDrawing.swift */; };
		55B927FD1AEB4349AD06F1E4 /* NotebookMarkdown.swift in Sources */ = {isa = PBXBuildFile; fileRef = 2E20D3B1FB684201AAB60163 /* NotebookMarkdown.swift */; };
		19275FF9067C47C09F66AACF /* NotebookSlashCommands.swift in Sources */ = {isa = PBXBuildFile; fileRef = D8B3DED4C60643A9820E7721 /* NotebookSlashCommands.swift */; };
		36DD087533F945AF90E50777 /* NotebookStore.swift in Sources */ = {isa = PBXBuildFile; fileRef = DABFDB94CB83469290EAB7F9 /* NotebookStore.swift */; };
		09ADE523F65F40799B2117F5 /* NotebookSync.swift in Sources */ = {isa = PBXBuildFile; fileRef = D528829154A54E90979E9BFB /* NotebookSync.swift */; };
		C76CB7206AD64AA8B24BCF4B /* NotebookTree.swift in Sources */ = {isa = PBXBuildFile; fileRef = E7F9DED9F3AE4B2387177B38 /* NotebookTree.swift */; };
		1CB99C0E6E63477E8CD048D1 /* CacheStore.swift in Sources */ = {isa = PBXBuildFile; fileRef = 6ED536D548EB4E509E19AFCB /* CacheStore.swift */; };
		095095FDCA214BA683E30D76 /* DownloadStore.swift in Sources */ = {isa = PBXBuildFile; fileRef = 928EA496AB8B4600AC779872 /* DownloadStore.swift */; };
		E4802667EFCF41C8A5846AE2 /* NetworkMonitor.swift in Sources */ = {isa = PBXBuildFile; fileRef = F7C734ADE7764D7895F463BA /* NetworkMonitor.swift */; };
		34CE06FD66D249428A56B51D /* OfflineModels.swift in Sources */ = {isa = PBXBuildFile; fileRef = 8FF4376E4D4E410EB2352C5A /* OfflineModels.swift */; };
		8B9C91DC0AAC4668A714D285 /* OfflineService.swift in Sources */ = {isa = PBXBuildFile; fileRef = 5475B41E0D7342D09B2B69AC /* OfflineService.swift */; };
		8200301D4FD048958D86EF2A /* OutboxStore.swift in Sources */ = {isa = PBXBuildFile; fileRef = A0AAB7971A9C41DA8A13D094 /* OutboxStore.swift */; };
		9DDB7A3BCA9C4EDC9CCC3100 /* SyncEngine.swift in Sources */ = {isa = PBXBuildFile; fileRef = A884D19B4EBC4630B7DCB504 /* SyncEngine.swift */; };
		73B22D77BC284CD9A62CF6A1 /* PushManager.swift in Sources */ = {isa = PBXBuildFile; fileRef = 01572C84AE6D444EB051873A /* PushManager.swift */; };
		2B1D7952C39846F08E0B96FE /* DeepLinkRouter.swift in Sources */ = {isa = PBXBuildFile; fileRef = 80923F346A5B4785BC967C5F /* DeepLinkRouter.swift */; };
		FB89409EDDAF444B8C431478 /* AuthFlowView.swift in Sources */ = {isa = PBXBuildFile; fileRef = A4F5D9254FFE4102BF6C805F /* AuthFlowView.swift */; };
		12F093BD0D4A4F4F9C1F71F1 /* LoginView.swift in Sources */ = {isa = PBXBuildFile; fileRef = 1724AF00802E4591A599A791 /* LoginView.swift */; };
		3E71C11A6EC244CA9B94F493 /* MFAChallengeView.swift in Sources */ = {isa = PBXBuildFile; fileRef = FC614BDE8A914C0D937231B5 /* MFAChallengeView.swift */; };
		D233FD0A363E4A39A6804639 /* MfaPasskeyController.swift in Sources */ = {isa = PBXBuildFile; fileRef = C3F01516E74B47B99AC5108F /* MfaPasskeyController.swift */; };
		F281E08C38D84A879471985C /* SSOAuthController.swift in Sources */ = {isa = PBXBuildFile; fileRef = 279B4E631E874C8C9224E513 /* SSOAuthController.swift */; };
		B970D7F8FEE04AEFB0FF32F7 /* SignupView.swift in Sources */ = {isa = PBXBuildFile; fileRef = 6EA807910763427CAA6F967E /* SignupView.swift */; };
		14E5588E31464D139E238447 /* ContentPageView.swift in Sources */ = {isa = PBXBuildFile; fileRef = FBEB441E777343B1A7111F62 /* ContentPageView.swift */; };
		418A5CEFA5EF417FBDDF8423 /* CourseAttendanceView.swift in Sources */ = {isa = PBXBuildFile; fileRef = A904C9BA7F6449AD9A7C34AF /* CourseAttendanceView.swift */; };
		377604A74D994ED28D151D92 /* CourseDetailView.swift in Sources */ = {isa = PBXBuildFile; fileRef = 08C1E872AB684D48885819AA /* CourseDetailView.swift */; };
		8B1381D43C5648108D0331B1 /* CourseGradesView.swift in Sources */ = {isa = PBXBuildFile; fileRef = 240C20BF793749998A7C4078 /* CourseGradesView.swift */; };
		9E738F3A96BE40BAB3E4FCAC /* CourseMarkdownContentView.swift in Sources */ = {isa = PBXBuildFile; fileRef = 9796D77EFD3545DEAF089A3C /* CourseMarkdownContentView.swift */; };
		1D1081E5ADF1454496956CAF /* CourseSyllabusView.swift in Sources */ = {isa = PBXBuildFile; fileRef = E5FF0FAFF3E4411588C52FED /* CourseSyllabusView.swift */; };
		DC1ECB1DDC7F45158D998869 /* CoursesListView.swift in Sources */ = {isa = PBXBuildFile; fileRef = 22085AE6CD234324B29981E9 /* CoursesListView.swift */; };
		2759FCC9DF55449BAE1666D7 /* ItemDetailRows.swift in Sources */ = {isa = PBXBuildFile; fileRef = EC9B5C1E231147AEB2821B9E /* ItemDetailRows.swift */; };
		C5EE8D62075945FABB8FF910 /* ItemDetailView.swift in Sources */ = {isa = PBXBuildFile; fileRef = AF3C874D45654788AF30BF36 /* ItemDetailView.swift */; };
		D824257F374C40379F7EC704 /* ModuleItemRouteView.swift in Sources */ = {isa = PBXBuildFile; fileRef = 7D16C74F65F34DD4A6F53AC3 /* ModuleItemRouteView.swift */; };
		6160CA6303654A28A259A91D /* ModuleListView.swift in Sources */ = {isa = PBXBuildFile; fileRef = 4463D731E7F14666B51BCAF1 /* ModuleListView.swift */; };
		B1C2D3E4F5A6478990ABCD014 /* RequirementsView.swift in Sources */ = {isa = PBXBuildFile; fileRef = B1C2D3E4F5A6478990ABCD013 /* RequirementsView.swift */; };
		9F6848CFA4E9411498AEA59A /* WebItemView.swift in Sources */ = {isa = PBXBuildFile; fileRef = 0116E9BA2A2C43B798FAC5D9 /* WebItemView.swift */; };
		B3C4D5E6478990ABCD012345 /* LaunchContainerView.swift in Sources */ = {isa = PBXBuildFile; fileRef = C4D5E6478990ABCD01234567 /* LaunchContainerView.swift */; };
		A0FD6DD2B9CB4EF9AD2386DC /* DashboardView.swift in Sources */ = {isa = PBXBuildFile; fileRef = DA67C53233D44F67BA712013 /* DashboardView.swift */; };
		1876619D5A584AA68D7B8099 /* CourseFilesView.swift in Sources */ = {isa = PBXBuildFile; fileRef = 5449C1BA24EF40D3B9346990 /* CourseFilesView.swift */; };
		CF9397BC7C6848BDA48A6B3F /* FilePreviewView.swift in Sources */ = {isa = PBXBuildFile; fileRef = 1AE5B155B7F441A69E43E441 /* FilePreviewView.swift */; };
		5092C6CD3C6C4801BE1C79CC /* GradingBacklogView.swift in Sources */ = {isa = PBXBuildFile; fileRef = 05A4C2404A924D86B7A8C9A0 /* GradingBacklogView.swift */; };
		20CE46171DEF44C3997411EC /* SpeedGraderView.swift in Sources */ = {isa = PBXBuildFile; fileRef = D15223585515440D95FEA00D /* SpeedGraderView.swift */; };
		16965740A6EA46F8973A2EB1 /* AnnouncementsViews.swift in Sources */ = {isa = PBXBuildFile; fileRef = 588C5D51D0584862A40888F4 /* AnnouncementsViews.swift */; };
		C02B9D844D284CD589D1040D /* MainTabView.swift in Sources */ = {isa = PBXBuildFile; fileRef = 8F5B7428009F49E5B6A52E7C /* MainTabView.swift */; };
		57F692DAAE7F4A399B4CA5D2 /* ComposeMessageView.swift in Sources */ = {isa = PBXBuildFile; fileRef = 13572EE5FF964B1EB81B9636 /* ComposeMessageView.swift */; };
		4E8C297A03ED40018A99D07F /* InboxView.swift in Sources */ = {isa = PBXBuildFile; fileRef = 4A738CD63A0E4F4283FE3938 /* InboxView.swift */; };
		7E5A14631FAF4EF191E6D944 /* MessageDetailView.swift in Sources */ = {isa = PBXBuildFile; fileRef = 0C882C3859E3430C9BEA7BE5 /* MessageDetailView.swift */; };
		6B633041B0714EC18A168C2D /* NotebookDrawingViews.swift in Sources */ = {isa = PBXBuildFile; fileRef = A13EEC3D674341F5847AB7C8 /* NotebookDrawingViews.swift */; };
		47AB8C0CBD0C4ADDB68B4666 /* NotebookEditorSupportViews.swift in Sources */ = {isa = PBXBuildFile; fileRef = B77AFEBDC36A492EA52213CC /* NotebookEditorSupportViews.swift */; };
		CC99478C7711482C8477AD74 /* NotebookEditorView.swift in Sources */ = {isa = PBXBuildFile; fileRef = AE5C446A2CBE4F928A225D25 /* NotebookEditorView.swift */; };
		193AA0E5470E450B8636503A /* NotebookPagesView.swift in Sources */ = {isa = PBXBuildFile; fileRef = F25BE08E605D435EBA31D92D /* NotebookPagesView.swift */; };
		A09E4F3B47FC4377AC31CA04 /* NotebooksListView.swift in Sources */ = {isa = PBXBuildFile; fileRef = 67787F8E7E7549B096894771 /* NotebooksListView.swift */; };
		CF17347DDFCC4B2186800F4C /* DiagnosticView.swift in Sources */ = {isa = PBXBuildFile; fileRef = 099F29E757EB4586BC9C6039 /* DiagnosticView.swift */; };
		F67DE6ADC68D4D4FBCBA9223 /* OnboardingFlowView.swift in Sources */ = {isa = PBXBuildFile; fileRef = 2672DAD8AE3A4F84AAD06A42 /* OnboardingFlowView.swift */; };
		C6534C5025B14B56A8D5C025 /* CalendarSubscribeSheet.swift in Sources */ = {isa = PBXBuildFile; fileRef = 1959442A0AC649D8A16EAE05 /* CalendarSubscribeSheet.swift */; };
		1CCE9CD12F7B437EB01338C6 /* CalendarView.swift in Sources */ = {isa = PBXBuildFile; fileRef = 4A71D7C8D45C4FC3ACE296FC /* CalendarView.swift */; };
		D2D799356AB042129E371D0F /* DueReminderScheduler.swift in Sources */ = {isa = PBXBuildFile; fileRef = 455315E2CF8542ED8CAE971D /* DueReminderScheduler.swift */; };
		47A02638EE164F89A97C358B /* PlannerModel.swift in Sources */ = {isa = PBXBuildFile; fileRef = 4022E3567BF34A868F98B7F1 /* PlannerModel.swift */; };
		7ABAB860B78F46FEB0A68E04 /* PlannerView.swift in Sources */ = {isa = PBXBuildFile; fileRef = 7C7F69D3BC784D3DA8557FDD /* PlannerView.swift */; };
		F3F4F41CD8AB4BB190836A94 /* TodosView.swift in Sources */ = {isa = PBXBuildFile; fileRef = DE54EFB1A098409FBFB6741C /* TodosView.swift */; };
		EF9A5BE7B81145B2B95787F4 /* BiometricLockView.swift in Sources */ = {isa = PBXBuildFile; fileRef = 4545E01AB68C47FB846D75D1 /* BiometricLockView.swift */; };
		F8A1E3971D0B4E7BA1025330 /* DeviceSessionsView.swift in Sources */ = {isa = PBXBuildFile; fileRef = 195BFEB5055F42C1AAB3AD41 /* DeviceSessionsView.swift */; };
		38D3381B263C46D2BFE97BBC /* EditProfileView.swift in Sources */ = {isa = PBXBuildFile; fileRef = CAAD34FA6C7444E487B6CCCF /* EditProfileView.swift */; };
		C97044DDF3344BBFBE54F7FE /* MyAccommodationsView.swift in Sources */ = {isa = PBXBuildFile; fileRef = 4397BF56246B4B3D801EA434 /* MyAccommodationsView.swift */; };
		A07BF8B8D2644D6E86BD7602 /* NotificationPreferencesView.swift in Sources */ = {isa = PBXBuildFile; fileRef = 95C23EDD63A549D6820401DF /* NotificationPreferencesView.swift */; };
		88BFDFB1760949E4979C1A4E /* NotificationsView.swift in Sources */ = {isa = PBXBuildFile; fileRef = 3D9B281B6117444FB4D512C6 /* NotificationsView.swift */; };
		09FA3FCA357B40E3A3E57B7A /* ProfileSecurityCard.swift in Sources */ = {isa = PBXBuildFile; fileRef = 607206D00CA44543AA0CE55A /* ProfileSecurityCard.swift */; };
		903EDDE66BF84D12B29DACEB /* ProfileSettingsCards.swift in Sources */ = {isa = PBXBuildFile; fileRef = 08F65AD322F04587A8942372 /* ProfileSettingsCards.swift */; };
		90C99F52641B4F4FA344104D /* ProfileView.swift in Sources */ = {isa = PBXBuildFile; fileRef = DA3B72CDCC1D45C980A8E0E5 /* ProfileView.swift */; };
		251A38CAEFC6420C9131E6D3 /* SplashView.swift in Sources */ = {isa = PBXBuildFile; fileRef = 6AC6E0086BAF4B3EA9B352A2 /* SplashView.swift */; };
		49F31B0476234612BE6851F9 /* AccessibilitySupportTests.swift in Sources */ = {isa = PBXBuildFile; fileRef = 969CFE729408443A9FC62FBF /* AccessibilitySupportTests.swift */; };
		EDD5C765F35D40D3A25DA5E7 /* AuthCallbackParserTests.swift in Sources */ = {isa = PBXBuildFile; fileRef = 5182A08CCB3D4D638272BC18 /* AuthCallbackParserTests.swift */; };
		8ACBC56F85DC414B8B2610DF /* BiometricGateTests.swift in Sources */ = {isa = PBXBuildFile; fileRef = 4352D40A73B144089CE1EF46 /* BiometricGateTests.swift */; };
		7CCA5D41F9CF43C08E8F9404 /* CourseFileModelsTests.swift in Sources */ = {isa = PBXBuildFile; fileRef = 02564F73F9394979AE328334 /* CourseFileModelsTests.swift */; };
		7C9188409F19444CB750D281 /* I18nTests.swift in Sources */ = {isa = PBXBuildFile; fileRef = B7197B17F4AD43F4BB9A9A7A /* I18nTests.swift */; };
		C883959422B945438702EC6D /* InteractiveLaunchLogicTests.swift in Sources */ = {isa = PBXBuildFile; fileRef = 4C3B9721E220482393A01680 /* InteractiveLaunchLogicTests.swift */; };
		EE8CC260B5304823B0BC3569 /* ModuleContentModelsTests.swift in Sources */ = {isa = PBXBuildFile; fileRef = A3964403830F4D94B4E54A97 /* ModuleContentModelsTests.swift */; };
		B1C2D3E4F5A6478990ABCD016 /* RequirementsLogicTests.swift in Sources */ = {isa = PBXBuildFile; fileRef = B1C2D3E4F5A6478990ABCD015 /* RequirementsLogicTests.swift */; };
		19EDCB167F14411B8DAA3640 /* NotificationModelsTests.swift in Sources */ = {isa = PBXBuildFile; fileRef = 5E3A7707AB2D41829D9C916C /* NotificationModelsTests.swift */; };
		1AFF8B436CB54AEE937B2D4B /* OnboardingModelsTests.swift in Sources */ = {isa = PBXBuildFile; fileRef = 5EDE22D935254A8F8673FC80 /* OnboardingModelsTests.swift */; };
		64B4CB1783BC48D7B4068B21 /* PlannerModelsTests.swift in Sources */ = {isa = PBXBuildFile; fileRef = 9E7E8C4674794C6891753558 /* PlannerModelsTests.swift */; };
		AEECA5D7C0AF4426A64981DE /* SettingsAccommodationsTests.swift in Sources */ = {isa = PBXBuildFile; fileRef = B6C8B8F58BF142729D527FC2 /* SettingsAccommodationsTests.swift */; };
		3DA4F4D3F6FF43FAB84D0B21 /* Assets.xcassets in Resources */ = {isa = PBXBuildFile; fileRef = 3D72AE809C214C6BB745B9DC /* Assets.xcassets */; };
		6E3BEE58992F4098923DCAED /* Localizable.xcstrings in Resources */ = {isa = PBXBuildFile; fileRef = 7E306A9F7953433895E2A7D2 /* Localizable.xcstrings */; };
/* End PBXBuildFile section */

/* Begin PBXFileReference section */
		BAE8C3E375024047B730FC96 /* Lextures.app */ = {isa = PBXFileReference; explicitFileType = wrapper.application; includeInIndex = 0; path = Lextures.app; sourceTree = BUILT_PRODUCTS_DIR; };
		7462CF21649442EBA6951B88 /* LexturesTests.xctest */ = {isa = PBXFileReference; explicitFileType = wrapper.cfbundle; includeInIndex = 0; path = LexturesTests.xctest; sourceTree = BUILT_PRODUCTS_DIR; };
		1E44FE76D6F04AEAAB841227 /* AppDelegate.swift */ = {isa = PBXFileReference; lastKnownFileType = sourcecode.swift; path = AppDelegate.swift; sourceTree = "<group>"; };
		DF86F79AFCA040DEAF041747 /* LexturesApp.swift */ = {isa = PBXFileReference; lastKnownFileType = sourcecode.swift; path = LexturesApp.swift; sourceTree = "<group>"; };
		C060D578B98F4E87A9883973 /* RootView.swift */ = {isa = PBXFileReference; lastKnownFileType = sourcecode.swift; path = RootView.swift; sourceTree = "<group>"; };
		6A12FD9362AA46468C2F7B4F /* AccessibilityPreferences.swift */ = {isa = PBXFileReference; lastKnownFileType = sourcecode.swift; path = AccessibilityPreferences.swift; sourceTree = "<group>"; };
		DF96330482344D45808E8CC0 /* AccessibilitySupport.swift */ = {isa = PBXFileReference; lastKnownFileType = sourcecode.swift; path = AccessibilitySupport.swift; sourceTree = "<group>"; };
		08270942052E486B8D0633FB /* DictationField.swift */ = {isa = PBXFileReference; lastKnownFileType = sourcecode.swift; path = DictationField.swift; sourceTree = "<group>"; };
		7301A4762CE64094A2CB755D /* ReadAloud.swift */ = {isa = PBXFileReference; lastKnownFileType = sourcecode.swift; path = ReadAloud.swift; sourceTree = "<group>"; };
		5ADAD44B29654DEC91FECDCE /* AuthAPI.swift */ = {isa = PBXFileReference; lastKnownFileType = sourcecode.swift; path = AuthAPI.swift; sourceTree = "<group>"; };
		B59624CD24E74C8BA2E331A2 /* AuthCallbackParser.swift */ = {isa = PBXFileReference; lastKnownFileType = sourcecode.swift; path = AuthCallbackParser.swift; sourceTree = "<group>"; };
		9E8EC0AE4EF94BF8BBB069E1 /* AuthConstants.swift */ = {isa = PBXFileReference; lastKnownFileType = sourcecode.swift; path = AuthConstants.swift; sourceTree = "<group>"; };
		C3D078B9737840CD8A4CD567 /* AuthSession.swift */ = {isa = PBXFileReference; lastKnownFileType = sourcecode.swift; path = AuthSession.swift; sourceTree = "<group>"; };
		71D81E6BB30A4C0697F68976 /* BiometricGate.swift */ = {isa = PBXFileReference; lastKnownFileType = sourcecode.swift; path = BiometricGate.swift; sourceTree = "<group>"; };
		A80E156457AB4D65B45DC7ED /* KeychainStore.swift */ = {isa = PBXFileReference; lastKnownFileType = sourcecode.swift; path = KeychainStore.swift; sourceTree = "<group>"; };
		45724A494B554DEFBBE44718 /* SessionsAPI.swift */ = {isa = PBXFileReference; lastKnownFileType = sourcecode.swift; path = SessionsAPI.swift; sourceTree = "<group>"; };
		0D061462DD6746798D33A715 /* AppConfiguration.swift */ = {isa = PBXFileReference; lastKnownFileType = sourcecode.swift; path = AppConfiguration.swift; sourceTree = "<group>"; };
		F3A40709663144CC88282FC6 /* AuthFieldRepresentable.swift */ = {isa = PBXFileReference; lastKnownFileType = sourcecode.swift; path = AuthFieldRepresentable.swift; sourceTree = "<group>"; };
		A8E492B0070A403284EF62EB /* BrandLogoView.swift */ = {isa = PBXFileReference; lastKnownFileType = sourcecode.swift; path = BrandLogoView.swift; sourceTree = "<group>"; };
		ECFB8B032BA143069E94A100 /* LexturesTheme.swift */ = {isa = PBXFileReference; lastKnownFileType = sourcecode.swift; path = LexturesTheme.swift; sourceTree = "<group>"; };
		FEB79E224B5541EC8996D9DF /* LexturesType.swift */ = {isa = PBXFileReference; lastKnownFileType = sourcecode.swift; path = LexturesType.swift; sourceTree = "<group>"; };
		E90EB3EA819143EBB8A50C07 /* ProfileAvatarView.swift */ = {isa = PBXFileReference; lastKnownFileType = sourcecode.swift; path = ProfileAvatarView.swift; sourceTree = "<group>"; };
		C838D72672DE488B8846589C /* SyncStatusView.swift */ = {isa = PBXFileReference; lastKnownFileType = sourcecode.swift; path = SyncStatusView.swift; sourceTree = "<group>"; };
		1776AA3AA9CA4271AAE1EFD0 /* ThemePreference.swift */ = {isa = PBXFileReference; lastKnownFileType = sourcecode.swift; path = ThemePreference.swift; sourceTree = "<group>"; };
		B6E016B0AA5A499FB6E631B8 /* DateFormatting.swift */ = {isa = PBXFileReference; lastKnownFileType = sourcecode.swift; path = DateFormatting.swift; sourceTree = "<group>"; };
		329FE21A9BC546A99C1FD539 /* LocaleAPI.swift */ = {isa = PBXFileReference; lastKnownFileType = sourcecode.swift; path = LocaleAPI.swift; sourceTree = "<group>"; };
		32DB0F186B6A434A9E1002F1 /* LocalePreferences.swift */ = {isa = PBXFileReference; lastKnownFileType = sourcecode.swift; path = LocalePreferences.swift; sourceTree = "<group>"; };
		88D39837E4754A78A2C722BD /* Localized.swift */ = {isa = PBXFileReference; lastKnownFileType = sourcecode.swift; path = Localized.swift; sourceTree = "<group>"; };
		597DC713C55B47259C6FE9E3 /* AccountAccommodationModels.swift */ = {isa = PBXFileReference; lastKnownFileType = sourcecode.swift; path = AccountAccommodationModels.swift; sourceTree = "<group>"; };
		6DA47D291CB34CADAB5B9BD8 /* CourseFileLogic.swift */ = {isa = PBXFileReference; lastKnownFileType = sourcecode.swift; path = CourseFileLogic.swift; sourceTree = "<group>"; };
		A2B3C4D5E6478990ABCD0123 /* InteractiveLaunchLogic.swift */ = {isa = PBXFileReference; lastKnownFileType = sourcecode.swift; path = InteractiveLaunchLogic.swift; sourceTree = "<group>"; };
		347D13C3C0094095A5D7DFCF /* CourseHeroImage.swift */ = {isa = PBXFileReference; lastKnownFileType = sourcecode.swift; path = CourseHeroImage.swift; sourceTree = "<group>"; };
		0B6CFD5DF87040EEA7CC5DB2 /* FileDownloadManager.swift */ = {isa = PBXFileReference; lastKnownFileType = sourcecode.swift; path = FileDownloadManager.swift; sourceTree = "<group>"; };
		2DD1B598914F4035B82A92A4 /* LMSAPI.swift */ = {isa = PBXFileReference; lastKnownFileType = sourcecode.swift; path = LMSAPI.swift; sourceTree = "<group>"; };
		B07078891CD140D3AED453C9 /* LMSAPIFeatures.swift */ = {isa = PBXFileReference; lastKnownFileType = sourcecode.swift; path = LMSAPIFeatures.swift; sourceTree = "<group>"; };
		C17B863325CD441EB410D188 /* LMSFeatureModels.swift */ = {isa = PBXFileReference; lastKnownFileType = sourcecode.swift; path = LMSFeatureModels.swift; sourceTree = "<group>"; };
		5DA30880F9D54F63AB8C806E /* LMSModels.swift */ = {isa = PBXFileReference; lastKnownFileType = sourcecode.swift; path = LMSModels.swift; sourceTree = "<group>"; };
		2AAF537B60BE4C36BFE9DEA2 /* ModuleContentLogic.swift */ = {isa = PBXFileReference; lastKnownFileType = sourcecode.swift; path = ModuleContentLogic.swift; sourceTree = "<group>"; };
		B1C2D3E4F5A6478990ABCD011 /* RequirementsLogic.swift */ = {isa = PBXFileReference; lastKnownFileType = sourcecode.swift; path = RequirementsLogic.swift; sourceTree = "<group>"; };
		DA8305FEABC24795A1E4A13A /* NotificationLogic.swift */ = {isa = PBXFileReference; lastKnownFileType = sourcecode.swift; path = NotificationLogic.swift; sourceTree = "<group>"; };
		E87885F6CC174F6B87064CC4 /* OnboardingModels.swift */ = {isa = PBXFileReference; lastKnownFileType = sourcecode.swift; path = OnboardingModels.swift; sourceTree = "<group>"; };
		3ED45D6330334F6D875028E4 /* PlannerLogic.swift */ = {isa = PBXFileReference; lastKnownFileType = sourcecode.swift; path = PlannerLogic.swift; sourceTree = "<group>"; };
		D6AFD47647EB4F618DEE05F3 /* APIClient.swift */ = {isa = PBXFileReference; lastKnownFileType = sourcecode.swift; path = APIClient.swift; sourceTree = "<group>"; };
		C1E185AC08C448048F6B7F0F /* APIError.swift */ = {isa = PBXFileReference; lastKnownFileType = sourcecode.swift; path = APIError.swift; sourceTree = "<group>"; };
		5FF373D417B043E0BA23BAFE /* NetworkAuthContext.swift */ = {isa = PBXFileReference; lastKnownFileType = sourcecode.swift; path = NetworkAuthContext.swift; sourceTree = "<group>"; };
		DAD7E856890D4A4DA1FAE54F /* NetworkBootstrap.swift */ = {isa = PBXFileReference; lastKnownFileType = sourcecode.swift; path = NetworkBootstrap.swift; sourceTree = "<group>"; };
		260C89A51D5546478C91EF23 /* NotebookDrawing.swift */ = {isa = PBXFileReference; lastKnownFileType = sourcecode.swift; path = NotebookDrawing.swift; sourceTree = "<group>"; };
		2E20D3B1FB684201AAB60163 /* NotebookMarkdown.swift */ = {isa = PBXFileReference; lastKnownFileType = sourcecode.swift; path = NotebookMarkdown.swift; sourceTree = "<group>"; };
		D8B3DED4C60643A9820E7721 /* NotebookSlashCommands.swift */ = {isa = PBXFileReference; lastKnownFileType = sourcecode.swift; path = NotebookSlashCommands.swift; sourceTree = "<group>"; };
		DABFDB94CB83469290EAB7F9 /* NotebookStore.swift */ = {isa = PBXFileReference; lastKnownFileType = sourcecode.swift; path = NotebookStore.swift; sourceTree = "<group>"; };
		D528829154A54E90979E9BFB /* NotebookSync.swift */ = {isa = PBXFileReference; lastKnownFileType = sourcecode.swift; path = NotebookSync.swift; sourceTree = "<group>"; };
		E7F9DED9F3AE4B2387177B38 /* NotebookTree.swift */ = {isa = PBXFileReference; lastKnownFileType = sourcecode.swift; path = NotebookTree.swift; sourceTree = "<group>"; };
		6ED536D548EB4E509E19AFCB /* CacheStore.swift */ = {isa = PBXFileReference; lastKnownFileType = sourcecode.swift; path = CacheStore.swift; sourceTree = "<group>"; };
		928EA496AB8B4600AC779872 /* DownloadStore.swift */ = {isa = PBXFileReference; lastKnownFileType = sourcecode.swift; path = DownloadStore.swift; sourceTree = "<group>"; };
		F7C734ADE7764D7895F463BA /* NetworkMonitor.swift */ = {isa = PBXFileReference; lastKnownFileType = sourcecode.swift; path = NetworkMonitor.swift; sourceTree = "<group>"; };
		8FF4376E4D4E410EB2352C5A /* OfflineModels.swift */ = {isa = PBXFileReference; lastKnownFileType = sourcecode.swift; path = OfflineModels.swift; sourceTree = "<group>"; };
		5475B41E0D7342D09B2B69AC /* OfflineService.swift */ = {isa = PBXFileReference; lastKnownFileType = sourcecode.swift; path = OfflineService.swift; sourceTree = "<group>"; };
		A0AAB7971A9C41DA8A13D094 /* OutboxStore.swift */ = {isa = PBXFileReference; lastKnownFileType = sourcecode.swift; path = OutboxStore.swift; sourceTree = "<group>"; };
		A884D19B4EBC4630B7DCB504 /* SyncEngine.swift */ = {isa = PBXFileReference; lastKnownFileType = sourcecode.swift; path = SyncEngine.swift; sourceTree = "<group>"; };
		01572C84AE6D444EB051873A /* PushManager.swift */ = {isa = PBXFileReference; lastKnownFileType = sourcecode.swift; path = PushManager.swift; sourceTree = "<group>"; };
		80923F346A5B4785BC967C5F /* DeepLinkRouter.swift */ = {isa = PBXFileReference; lastKnownFileType = sourcecode.swift; path = DeepLinkRouter.swift; sourceTree = "<group>"; };
		A4F5D9254FFE4102BF6C805F /* AuthFlowView.swift */ = {isa = PBXFileReference; lastKnownFileType = sourcecode.swift; path = AuthFlowView.swift; sourceTree = "<group>"; };
		1724AF00802E4591A599A791 /* LoginView.swift */ = {isa = PBXFileReference; lastKnownFileType = sourcecode.swift; path = LoginView.swift; sourceTree = "<group>"; };
		FC614BDE8A914C0D937231B5 /* MFAChallengeView.swift */ = {isa = PBXFileReference; lastKnownFileType = sourcecode.swift; path = MFAChallengeView.swift; sourceTree = "<group>"; };
		C3F01516E74B47B99AC5108F /* MfaPasskeyController.swift */ = {isa = PBXFileReference; lastKnownFileType = sourcecode.swift; path = MfaPasskeyController.swift; sourceTree = "<group>"; };
		279B4E631E874C8C9224E513 /* SSOAuthController.swift */ = {isa = PBXFileReference; lastKnownFileType = sourcecode.swift; path = SSOAuthController.swift; sourceTree = "<group>"; };
		6EA807910763427CAA6F967E /* SignupView.swift */ = {isa = PBXFileReference; lastKnownFileType = sourcecode.swift; path = SignupView.swift; sourceTree = "<group>"; };
		FBEB441E777343B1A7111F62 /* ContentPageView.swift */ = {isa = PBXFileReference; lastKnownFileType = sourcecode.swift; path = ContentPageView.swift; sourceTree = "<group>"; };
		A904C9BA7F6449AD9A7C34AF /* CourseAttendanceView.swift */ = {isa = PBXFileReference; lastKnownFileType = sourcecode.swift; path = CourseAttendanceView.swift; sourceTree = "<group>"; };
		08C1E872AB684D48885819AA /* CourseDetailView.swift */ = {isa = PBXFileReference; lastKnownFileType = sourcecode.swift; path = CourseDetailView.swift; sourceTree = "<group>"; };
		240C20BF793749998A7C4078 /* CourseGradesView.swift */ = {isa = PBXFileReference; lastKnownFileType = sourcecode.swift; path = CourseGradesView.swift; sourceTree = "<group>"; };
		9796D77EFD3545DEAF089A3C /* CourseMarkdownContentView.swift */ = {isa = PBXFileReference; lastKnownFileType = sourcecode.swift; path = CourseMarkdownContentView.swift; sourceTree = "<group>"; };
		E5FF0FAFF3E4411588C52FED /* CourseSyllabusView.swift */ = {isa = PBXFileReference; lastKnownFileType = sourcecode.swift; path = CourseSyllabusView.swift; sourceTree = "<group>"; };
		22085AE6CD234324B29981E9 /* CoursesListView.swift */ = {isa = PBXFileReference; lastKnownFileType = sourcecode.swift; path = CoursesListView.swift; sourceTree = "<group>"; };
		EC9B5C1E231147AEB2821B9E /* ItemDetailRows.swift */ = {isa = PBXFileReference; lastKnownFileType = sourcecode.swift; path = ItemDetailRows.swift; sourceTree = "<group>"; };
		AF3C874D45654788AF30BF36 /* ItemDetailView.swift */ = {isa = PBXFileReference; lastKnownFileType = sourcecode.swift; path = ItemDetailView.swift; sourceTree = "<group>"; };
		7D16C74F65F34DD4A6F53AC3 /* ModuleItemRouteView.swift */ = {isa = PBXFileReference; lastKnownFileType = sourcecode.swift; path = ModuleItemRouteView.swift; sourceTree = "<group>"; };
		4463D731E7F14666B51BCAF1 /* ModuleListView.swift */ = {isa = PBXFileReference; lastKnownFileType = sourcecode.swift; path = ModuleListView.swift; sourceTree = "<group>"; };
		B1C2D3E4F5A6478990ABCD013 /* RequirementsView.swift */ = {isa = PBXFileReference; lastKnownFileType = sourcecode.swift; path = RequirementsView.swift; sourceTree = "<group>"; };
		0116E9BA2A2C43B798FAC5D9 /* WebItemView.swift */ = {isa = PBXFileReference; lastKnownFileType = sourcecode.swift; path = WebItemView.swift; sourceTree = "<group>"; };
		C4D5E6478990ABCD01234567 /* LaunchContainerView.swift */ = {isa = PBXFileReference; lastKnownFileType = sourcecode.swift; path = LaunchContainerView.swift; sourceTree = "<group>"; };
		DA67C53233D44F67BA712013 /* DashboardView.swift */ = {isa = PBXFileReference; lastKnownFileType = sourcecode.swift; path = DashboardView.swift; sourceTree = "<group>"; };
		5449C1BA24EF40D3B9346990 /* CourseFilesView.swift */ = {isa = PBXFileReference; lastKnownFileType = sourcecode.swift; path = CourseFilesView.swift; sourceTree = "<group>"; };
		1AE5B155B7F441A69E43E441 /* FilePreviewView.swift */ = {isa = PBXFileReference; lastKnownFileType = sourcecode.swift; path = FilePreviewView.swift; sourceTree = "<group>"; };
		05A4C2404A924D86B7A8C9A0 /* GradingBacklogView.swift */ = {isa = PBXFileReference; lastKnownFileType = sourcecode.swift; path = GradingBacklogView.swift; sourceTree = "<group>"; };
		D15223585515440D95FEA00D /* SpeedGraderView.swift */ = {isa = PBXFileReference; lastKnownFileType = sourcecode.swift; path = SpeedGraderView.swift; sourceTree = "<group>"; };
		588C5D51D0584862A40888F4 /* AnnouncementsViews.swift */ = {isa = PBXFileReference; lastKnownFileType = sourcecode.swift; path = AnnouncementsViews.swift; sourceTree = "<group>"; };
		8F5B7428009F49E5B6A52E7C /* MainTabView.swift */ = {isa = PBXFileReference; lastKnownFileType = sourcecode.swift; path = MainTabView.swift; sourceTree = "<group>"; };
		13572EE5FF964B1EB81B9636 /* ComposeMessageView.swift */ = {isa = PBXFileReference; lastKnownFileType = sourcecode.swift; path = ComposeMessageView.swift; sourceTree = "<group>"; };
		4A738CD63A0E4F4283FE3938 /* InboxView.swift */ = {isa = PBXFileReference; lastKnownFileType = sourcecode.swift; path = InboxView.swift; sourceTree = "<group>"; };
		0C882C3859E3430C9BEA7BE5 /* MessageDetailView.swift */ = {isa = PBXFileReference; lastKnownFileType = sourcecode.swift; path = MessageDetailView.swift; sourceTree = "<group>"; };
		A13EEC3D674341F5847AB7C8 /* NotebookDrawingViews.swift */ = {isa = PBXFileReference; lastKnownFileType = sourcecode.swift; path = NotebookDrawingViews.swift; sourceTree = "<group>"; };
		B77AFEBDC36A492EA52213CC /* NotebookEditorSupportViews.swift */ = {isa = PBXFileReference; lastKnownFileType = sourcecode.swift; path = NotebookEditorSupportViews.swift; sourceTree = "<group>"; };
		AE5C446A2CBE4F928A225D25 /* NotebookEditorView.swift */ = {isa = PBXFileReference; lastKnownFileType = sourcecode.swift; path = NotebookEditorView.swift; sourceTree = "<group>"; };
		F25BE08E605D435EBA31D92D /* NotebookPagesView.swift */ = {isa = PBXFileReference; lastKnownFileType = sourcecode.swift; path = NotebookPagesView.swift; sourceTree = "<group>"; };
		67787F8E7E7549B096894771 /* NotebooksListView.swift */ = {isa = PBXFileReference; lastKnownFileType = sourcecode.swift; path = NotebooksListView.swift; sourceTree = "<group>"; };
		099F29E757EB4586BC9C6039 /* DiagnosticView.swift */ = {isa = PBXFileReference; lastKnownFileType = sourcecode.swift; path = DiagnosticView.swift; sourceTree = "<group>"; };
		2672DAD8AE3A4F84AAD06A42 /* OnboardingFlowView.swift */ = {isa = PBXFileReference; lastKnownFileType = sourcecode.swift; path = OnboardingFlowView.swift; sourceTree = "<group>"; };
		1959442A0AC649D8A16EAE05 /* CalendarSubscribeSheet.swift */ = {isa = PBXFileReference; lastKnownFileType = sourcecode.swift; path = CalendarSubscribeSheet.swift; sourceTree = "<group>"; };
		4A71D7C8D45C4FC3ACE296FC /* CalendarView.swift */ = {isa = PBXFileReference; lastKnownFileType = sourcecode.swift; path = CalendarView.swift; sourceTree = "<group>"; };
		455315E2CF8542ED8CAE971D /* DueReminderScheduler.swift */ = {isa = PBXFileReference; lastKnownFileType = sourcecode.swift; path = DueReminderScheduler.swift; sourceTree = "<group>"; };
		4022E3567BF34A868F98B7F1 /* PlannerModel.swift */ = {isa = PBXFileReference; lastKnownFileType = sourcecode.swift; path = PlannerModel.swift; sourceTree = "<group>"; };
		7C7F69D3BC784D3DA8557FDD /* PlannerView.swift */ = {isa = PBXFileReference; lastKnownFileType = sourcecode.swift; path = PlannerView.swift; sourceTree = "<group>"; };
		DE54EFB1A098409FBFB6741C /* TodosView.swift */ = {isa = PBXFileReference; lastKnownFileType = sourcecode.swift; path = TodosView.swift; sourceTree = "<group>"; };
		4545E01AB68C47FB846D75D1 /* BiometricLockView.swift */ = {isa = PBXFileReference; lastKnownFileType = sourcecode.swift; path = BiometricLockView.swift; sourceTree = "<group>"; };
		195BFEB5055F42C1AAB3AD41 /* DeviceSessionsView.swift */ = {isa = PBXFileReference; lastKnownFileType = sourcecode.swift; path = DeviceSessionsView.swift; sourceTree = "<group>"; };
		CAAD34FA6C7444E487B6CCCF /* EditProfileView.swift */ = {isa = PBXFileReference; lastKnownFileType = sourcecode.swift; path = EditProfileView.swift; sourceTree = "<group>"; };
		4397BF56246B4B3D801EA434 /* MyAccommodationsView.swift */ = {isa = PBXFileReference; lastKnownFileType = sourcecode.swift; path = MyAccommodationsView.swift; sourceTree = "<group>"; };
		95C23EDD63A549D6820401DF /* NotificationPreferencesView.swift */ = {isa = PBXFileReference; lastKnownFileType = sourcecode.swift; path = NotificationPreferencesView.swift; sourceTree = "<group>"; };
		3D9B281B6117444FB4D512C6 /* NotificationsView.swift */ = {isa = PBXFileReference; lastKnownFileType = sourcecode.swift; path = NotificationsView.swift; sourceTree = "<group>"; };
		607206D00CA44543AA0CE55A /* ProfileSecurityCard.swift */ = {isa = PBXFileReference; lastKnownFileType = sourcecode.swift; path = ProfileSecurityCard.swift; sourceTree = "<group>"; };
		08F65AD322F04587A8942372 /* ProfileSettingsCards.swift */ = {isa = PBXFileReference; lastKnownFileType = sourcecode.swift; path = ProfileSettingsCards.swift; sourceTree = "<group>"; };
		DA3B72CDCC1D45C980A8E0E5 /* ProfileView.swift */ = {isa = PBXFileReference; lastKnownFileType = sourcecode.swift; path = ProfileView.swift; sourceTree = "<group>"; };
		6AC6E0086BAF4B3EA9B352A2 /* SplashView.swift */ = {isa = PBXFileReference; lastKnownFileType = sourcecode.swift; path = SplashView.swift; sourceTree = "<group>"; };
		969CFE729408443A9FC62FBF /* AccessibilitySupportTests.swift */ = {isa = PBXFileReference; lastKnownFileType = sourcecode.swift; path = AccessibilitySupportTests.swift; sourceTree = "<group>"; };
		5182A08CCB3D4D638272BC18 /* AuthCallbackParserTests.swift */ = {isa = PBXFileReference; lastKnownFileType = sourcecode.swift; path = AuthCallbackParserTests.swift; sourceTree = "<group>"; };
		4352D40A73B144089CE1EF46 /* BiometricGateTests.swift */ = {isa = PBXFileReference; lastKnownFileType = sourcecode.swift; path = BiometricGateTests.swift; sourceTree = "<group>"; };
		02564F73F9394979AE328334 /* CourseFileModelsTests.swift */ = {isa = PBXFileReference; lastKnownFileType = sourcecode.swift; path = CourseFileModelsTests.swift; sourceTree = "<group>"; };
		B7197B17F4AD43F4BB9A9A7A /* I18nTests.swift */ = {isa = PBXFileReference; lastKnownFileType = sourcecode.swift; path = I18nTests.swift; sourceTree = "<group>"; };
		4C3B9721E220482393A01680 /* InteractiveLaunchLogicTests.swift */ = {isa = PBXFileReference; lastKnownFileType = sourcecode.swift; path = InteractiveLaunchLogicTests.swift; sourceTree = "<group>"; };
		A3964403830F4D94B4E54A97 /* ModuleContentModelsTests.swift */ = {isa = PBXFileReference; lastKnownFileType = sourcecode.swift; path = ModuleContentModelsTests.swift; sourceTree = "<group>"; };
		B1C2D3E4F5A6478990ABCD015 /* RequirementsLogicTests.swift */ = {isa = PBXFileReference; lastKnownFileType = sourcecode.swift; path = RequirementsLogicTests.swift; sourceTree = "<group>"; };
		5E3A7707AB2D41829D9C916C /* NotificationModelsTests.swift */ = {isa = PBXFileReference; lastKnownFileType = sourcecode.swift; path = NotificationModelsTests.swift; sourceTree = "<group>"; };
		5EDE22D935254A8F8673FC80 /* OnboardingModelsTests.swift */ = {isa = PBXFileReference; lastKnownFileType = sourcecode.swift; path = OnboardingModelsTests.swift; sourceTree = "<group>"; };
		9E7E8C4674794C6891753558 /* PlannerModelsTests.swift */ = {isa = PBXFileReference; lastKnownFileType = sourcecode.swift; path = PlannerModelsTests.swift; sourceTree = "<group>"; };
		B6C8B8F58BF142729D527FC2 /* SettingsAccommodationsTests.swift */ = {isa = PBXFileReference; lastKnownFileType = sourcecode.swift; path = SettingsAccommodationsTests.swift; sourceTree = "<group>"; };
		3D72AE809C214C6BB745B9DC /* Assets.xcassets */ = {isa = PBXFileReference; lastKnownFileType = folder.assetcatalog; path = Assets.xcassets; sourceTree = "<group>"; };
		7E306A9F7953433895E2A7D2 /* Localizable.xcstrings */ = {isa = PBXFileReference; lastKnownFileType = text.json.xcstrings; path = Localizable.xcstrings; sourceTree = "<group>"; };
		C383639EAB61441E90DAFFCA /* Info.plist */ = {isa = PBXFileReference; lastKnownFileType = text.plist.xml; path = Info.plist; sourceTree = "<group>"; };
		FBABE0555C1F49CCB4302DC1 /* Development.xcconfig */ = {isa = PBXFileReference; lastKnownFileType = text.xcconfig; path = Development.xcconfig; sourceTree = "<group>"; };
/* End PBXFileReference section */

/* Begin PBXFrameworksBuildPhase section */
		D04DF486D6F24C50A037E5D1 /* Frameworks */ = {
			isa = PBXFrameworksBuildPhase;
			buildActionMask = 2147483647;
			runOnlyForDeploymentPostprocessing = 0;
			files = (
			);
		};
/* End PBXFrameworksBuildPhase section */

/* Begin PBXGroup section */
		A8A39E0F68244CA5B125BD6B /* Lextures */ = {
			isa = PBXGroup;
			children = (
				AF717789FBA04679A26D58A2 /* Resources */,
				90BEB25D1BBA477592A865C4 /* App */,
				3F216F01A11E4486A2AC8DBC /* Core */,
				90D874CAAC39465ABF09541B /* Features */,
			);
			path = Lextures;
			sourceTree = "<group>";
		};
		E9A0EC61F7DC47DD969B52BE /* LexturesTests */ = {
			isa = PBXGroup;
			children = (
				969CFE729408443A9FC62FBF /* AccessibilitySupportTests.swift */,
				5182A08CCB3D4D638272BC18 /* AuthCallbackParserTests.swift */,
				4352D40A73B144089CE1EF46 /* BiometricGateTests.swift */,
				02564F73F9394979AE328334 /* CourseFileModelsTests.swift */,
				B7197B17F4AD43F4BB9A9A7A /* I18nTests.swift */,
				4C3B9721E220482393A01680 /* InteractiveLaunchLogicTests.swift */,
				A3964403830F4D94B4E54A97 /* ModuleContentModelsTests.swift */,
				B1C2D3E4F5A6478990ABCD015 /* RequirementsLogicTests.swift */,
				5E3A7707AB2D41829D9C916C /* NotificationModelsTests.swift */,
				5EDE22D935254A8F8673FC80 /* OnboardingModelsTests.swift */,
				9E7E8C4674794C6891753558 /* PlannerModelsTests.swift */,
				B6C8B8F58BF142729D527FC2 /* SettingsAccommodationsTests.swift */,
			);
			path = LexturesTests;
			sourceTree = "<group>";
		};
		90BEB25D1BBA477592A865C4 /* App */ = {
			isa = PBXGroup;
			children = (
				1E44FE76D6F04AEAAB841227 /* AppDelegate.swift */,
				DF86F79AFCA040DEAF041747 /* LexturesApp.swift */,
				C060D578B98F4E87A9883973 /* RootView.swift */,
			);
			path = App;
			sourceTree = "<group>";
		};
		3F216F01A11E4486A2AC8DBC /* Core */ = {
			isa = PBXGroup;
			children = (
				BE53BE09777042A7802D42B3 /* Accessibility */,
				6C12BB4D557C4EB7B9A71241 /* Auth */,
				FEB25C07DFEA4F8BBE2B9915 /* Config */,
				824FDA9D87EF4EEE9CA0484A /* Design */,
				C548F53E58064558B4EE0955 /* I18n */,
				037A336679664A9EA02D8F30 /* LMS */,
				1E433273E9B541FC8249D997 /* Networking */,
				8D6247202A1F43D8AA7118A2 /* Notebook */,
				C4000CA294384474826F5D32 /* Offline */,
				41047E1BC33549DA85607BE7 /* Push */,
				1972B55179194206865D496E /* Routing */,
			);
			path = Core;
			sourceTree = "<group>";
		};
		90D874CAAC39465ABF09541B /* Features */ = {
			isa = PBXGroup;
			children = (
				3E70761736614C8399477038 /* Auth */,
				7207A3FD7EBD48EF9D2706E9 /* Courses */,
				B47F5AF93B414362AD0CBC7D /* Dashboard */,
				0A5A945675CA4074AFB9F028 /* Files */,
				09DE40B6C415409D97399CC5 /* Grading */,
				5B077D126EC94EFF9A73CA8B /* Home */,
				5B28EAE213054F1E81B9DB6F /* Inbox */,
				3807170CA2A5486783580550 /* Notebooks */,
				94A03317EFC74577A3ADC036 /* Onboarding */,
				C8D4F2CD514F4B6BBDC4F7DB /* Planner */,
				5DAA0A4404B246FE823DD916 /* Profile */,
				930D52EBEEBB4F3D88D61922 /* Splash */,
			);
			path = Features;
			sourceTree = "<group>";
		};
		AF717789FBA04679A26D58A2 /* Resources */ = {
			isa = PBXGroup;
			children = (
				3D72AE809C214C6BB745B9DC /* Assets.xcassets */,
				7E306A9F7953433895E2A7D2 /* Localizable.xcstrings */,
				C383639EAB61441E90DAFFCA /* Info.plist */,
			);
			path = Resources;
			sourceTree = "<group>";
		};
		BE53BE09777042A7802D42B3 /* Accessibility */ = {
			isa = PBXGroup;
			children = (
				6A12FD9362AA46468C2F7B4F /* AccessibilityPreferences.swift */,
				DF96330482344D45808E8CC0 /* AccessibilitySupport.swift */,
				08270942052E486B8D0633FB /* DictationField.swift */,
				7301A4762CE64094A2CB755D /* ReadAloud.swift */,
			);
			path = Accessibility;
			sourceTree = "<group>";
		};
		6C12BB4D557C4EB7B9A71241 /* Auth */ = {
			isa = PBXGroup;
			children = (
				5ADAD44B29654DEC91FECDCE /* AuthAPI.swift */,
				B59624CD24E74C8BA2E331A2 /* AuthCallbackParser.swift */,
				9E8EC0AE4EF94BF8BBB069E1 /* AuthConstants.swift */,
				C3D078B9737840CD8A4CD567 /* AuthSession.swift */,
				71D81E6BB30A4C0697F68976 /* BiometricGate.swift */,
				A80E156457AB4D65B45DC7ED /* KeychainStore.swift */,
				45724A494B554DEFBBE44718 /* SessionsAPI.swift */,
			);
			path = Auth;
			sourceTree = "<group>";
		};
		FEB25C07DFEA4F8BBE2B9915 /* Config */ = {
			isa = PBXGroup;
			children = (
				0D061462DD6746798D33A715 /* AppConfiguration.swift */,
			);
			path = Config;
			sourceTree = "<group>";
		};
		824FDA9D87EF4EEE9CA0484A /* Design */ = {
			isa = PBXGroup;
			children = (
				F3A40709663144CC88282FC6 /* AuthFieldRepresentable.swift */,
				A8E492B0070A403284EF62EB /* BrandLogoView.swift */,
				ECFB8B032BA143069E94A100 /* LexturesTheme.swift */,
				FEB79E224B5541EC8996D9DF /* LexturesType.swift */,
				E90EB3EA819143EBB8A50C07 /* ProfileAvatarView.swift */,
				C838D72672DE488B8846589C /* SyncStatusView.swift */,
				1776AA3AA9CA4271AAE1EFD0 /* ThemePreference.swift */,
			);
			path = Design;
			sourceTree = "<group>";
		};
		C548F53E58064558B4EE0955 /* I18n */ = {
			isa = PBXGroup;
			children = (
				B6E016B0AA5A499FB6E631B8 /* DateFormatting.swift */,
				329FE21A9BC546A99C1FD539 /* LocaleAPI.swift */,
				32DB0F186B6A434A9E1002F1 /* LocalePreferences.swift */,
				88D39837E4754A78A2C722BD /* Localized.swift */,
			);
			path = I18n;
			sourceTree = "<group>";
		};
		037A336679664A9EA02D8F30 /* LMS */ = {
			isa = PBXGroup;
			children = (
				597DC713C55B47259C6FE9E3 /* AccountAccommodationModels.swift */,
				6DA47D291CB34CADAB5B9BD8 /* CourseFileLogic.swift */,
				A2B3C4D5E6478990ABCD0123 /* InteractiveLaunchLogic.swift */,
				347D13C3C0094095A5D7DFCF /* CourseHeroImage.swift */,
				0B6CFD5DF87040EEA7CC5DB2 /* FileDownloadManager.swift */,
				2DD1B598914F4035B82A92A4 /* LMSAPI.swift */,
				B07078891CD140D3AED453C9 /* LMSAPIFeatures.swift */,
				C17B863325CD441EB410D188 /* LMSFeatureModels.swift */,
				5DA30880F9D54F63AB8C806E /* LMSModels.swift */,
				2AAF537B60BE4C36BFE9DEA2 /* ModuleContentLogic.swift */,
				B1C2D3E4F5A6478990ABCD011 /* RequirementsLogic.swift */,
				DA8305FEABC24795A1E4A13A /* NotificationLogic.swift */,
				E87885F6CC174F6B87064CC4 /* OnboardingModels.swift */,
				3ED45D6330334F6D875028E4 /* PlannerLogic.swift */,
			);
			path = LMS;
			sourceTree = "<group>";
		};
		1E433273E9B541FC8249D997 /* Networking */ = {
			isa = PBXGroup;
			children = (
				D6AFD47647EB4F618DEE05F3 /* APIClient.swift */,
				C1E185AC08C448048F6B7F0F /* APIError.swift */,
				5FF373D417B043E0BA23BAFE /* NetworkAuthContext.swift */,
				DAD7E856890D4A4DA1FAE54F /* NetworkBootstrap.swift */,
			);
			path = Networking;
			sourceTree = "<group>";
		};
		8D6247202A1F43D8AA7118A2 /* Notebook */ = {
			isa = PBXGroup;
			children = (
				260C89A51D5546478C91EF23 /* NotebookDrawing.swift */,
				2E20D3B1FB684201AAB60163 /* NotebookMarkdown.swift */,
				D8B3DED4C60643A9820E7721 /* NotebookSlashCommands.swift */,
				DABFDB94CB83469290EAB7F9 /* NotebookStore.swift */,
				D528829154A54E90979E9BFB /* NotebookSync.swift */,
				E7F9DED9F3AE4B2387177B38 /* NotebookTree.swift */,
			);
			path = Notebook;
			sourceTree = "<group>";
		};
		C4000CA294384474826F5D32 /* Offline */ = {
			isa = PBXGroup;
			children = (
				6ED536D548EB4E509E19AFCB /* CacheStore.swift */,
				928EA496AB8B4600AC779872 /* DownloadStore.swift */,
				F7C734ADE7764D7895F463BA /* NetworkMonitor.swift */,
				8FF4376E4D4E410EB2352C5A /* OfflineModels.swift */,
				5475B41E0D7342D09B2B69AC /* OfflineService.swift */,
				A0AAB7971A9C41DA8A13D094 /* OutboxStore.swift */,
				A884D19B4EBC4630B7DCB504 /* SyncEngine.swift */,
			);
			path = Offline;
			sourceTree = "<group>";
		};
		41047E1BC33549DA85607BE7 /* Push */ = {
			isa = PBXGroup;
			children = (
				01572C84AE6D444EB051873A /* PushManager.swift */,
			);
			path = Push;
			sourceTree = "<group>";
		};
		1972B55179194206865D496E /* Routing */ = {
			isa = PBXGroup;
			children = (
				80923F346A5B4785BC967C5F /* DeepLinkRouter.swift */,
			);
			path = Routing;
			sourceTree = "<group>";
		};
		3E70761736614C8399477038 /* Auth */ = {
			isa = PBXGroup;
			children = (
				A4F5D9254FFE4102BF6C805F /* AuthFlowView.swift */,
				1724AF00802E4591A599A791 /* LoginView.swift */,
				FC614BDE8A914C0D937231B5 /* MFAChallengeView.swift */,
				C3F01516E74B47B99AC5108F /* MfaPasskeyController.swift */,
				279B4E631E874C8C9224E513 /* SSOAuthController.swift */,
				6EA807910763427CAA6F967E /* SignupView.swift */,
			);
			path = Auth;
			sourceTree = "<group>";
		};
		7207A3FD7EBD48EF9D2706E9 /* Courses */ = {
			isa = PBXGroup;
			children = (
				FBEB441E777343B1A7111F62 /* ContentPageView.swift */,
				A904C9BA7F6449AD9A7C34AF /* CourseAttendanceView.swift */,
				08C1E872AB684D48885819AA /* CourseDetailView.swift */,
				240C20BF793749998A7C4078 /* CourseGradesView.swift */,
				9796D77EFD3545DEAF089A3C /* CourseMarkdownContentView.swift */,
				E5FF0FAFF3E4411588C52FED /* CourseSyllabusView.swift */,
				22085AE6CD234324B29981E9 /* CoursesListView.swift */,
				EC9B5C1E231147AEB2821B9E /* ItemDetailRows.swift */,
				AF3C874D45654788AF30BF36 /* ItemDetailView.swift */,
				7D16C74F65F34DD4A6F53AC3 /* ModuleItemRouteView.swift */,
				C4D5E6478990ABCD01234567 /* LaunchContainerView.swift */,
				4463D731E7F14666B51BCAF1 /* ModuleListView.swift */,
				B1C2D3E4F5A6478990ABCD013 /* RequirementsView.swift */,
				0116E9BA2A2C43B798FAC5D9 /* WebItemView.swift */,
			);
			path = Courses;
			sourceTree = "<group>";
		};
		B47F5AF93B414362AD0CBC7D /* Dashboard */ = {
			isa = PBXGroup;
			children = (
				DA67C53233D44F67BA712013 /* DashboardView.swift */,
			);
			path = Dashboard;
			sourceTree = "<group>";
		};
		0A5A945675CA4074AFB9F028 /* Files */ = {
			isa = PBXGroup;
			children = (
				5449C1BA24EF40D3B9346990 /* CourseFilesView.swift */,
				1AE5B155B7F441A69E43E441 /* FilePreviewView.swift */,
			);
			path = Files;
			sourceTree = "<group>";
		};
		09DE40B6C415409D97399CC5 /* Grading */ = {
			isa = PBXGroup;
			children = (
				05A4C2404A924D86B7A8C9A0 /* GradingBacklogView.swift */,
				D15223585515440D95FEA00D /* SpeedGraderView.swift */,
			);
			path = Grading;
			sourceTree = "<group>";
		};
		5B077D126EC94EFF9A73CA8B /* Home */ = {
			isa = PBXGroup;
			children = (
				588C5D51D0584862A40888F4 /* AnnouncementsViews.swift */,
				8F5B7428009F49E5B6A52E7C /* MainTabView.swift */,
			);
			path = Home;
			sourceTree = "<group>";
		};
		5B28EAE213054F1E81B9DB6F /* Inbox */ = {
			isa = PBXGroup;
			children = (
				13572EE5FF964B1EB81B9636 /* ComposeMessageView.swift */,
				4A738CD63A0E4F4283FE3938 /* InboxView.swift */,
				0C882C3859E3430C9BEA7BE5 /* MessageDetailView.swift */,
			);
			path = Inbox;
			sourceTree = "<group>";
		};
		3807170CA2A5486783580550 /* Notebooks */ = {
			isa = PBXGroup;
			children = (
				A13EEC3D674341F5847AB7C8 /* NotebookDrawingViews.swift */,
				B77AFEBDC36A492EA52213CC /* NotebookEditorSupportViews.swift */,
				AE5C446A2CBE4F928A225D25 /* NotebookEditorView.swift */,
				F25BE08E605D435EBA31D92D /* NotebookPagesView.swift */,
				67787F8E7E7549B096894771 /* NotebooksListView.swift */,
			);
			path = Notebooks;
			sourceTree = "<group>";
		};
		94A03317EFC74577A3ADC036 /* Onboarding */ = {
			isa = PBXGroup;
			children = (
				099F29E757EB4586BC9C6039 /* DiagnosticView.swift */,
				2672DAD8AE3A4F84AAD06A42 /* OnboardingFlowView.swift */,
			);
			path = Onboarding;
			sourceTree = "<group>";
		};
		C8D4F2CD514F4B6BBDC4F7DB /* Planner */ = {
			isa = PBXGroup;
			children = (
				1959442A0AC649D8A16EAE05 /* CalendarSubscribeSheet.swift */,
				4A71D7C8D45C4FC3ACE296FC /* CalendarView.swift */,
				455315E2CF8542ED8CAE971D /* DueReminderScheduler.swift */,
				4022E3567BF34A868F98B7F1 /* PlannerModel.swift */,
				7C7F69D3BC784D3DA8557FDD /* PlannerView.swift */,
				DE54EFB1A098409FBFB6741C /* TodosView.swift */,
			);
			path = Planner;
			sourceTree = "<group>";
		};
		5DAA0A4404B246FE823DD916 /* Profile */ = {
			isa = PBXGroup;
			children = (
				4545E01AB68C47FB846D75D1 /* BiometricLockView.swift */,
				195BFEB5055F42C1AAB3AD41 /* DeviceSessionsView.swift */,
				CAAD34FA6C7444E487B6CCCF /* EditProfileView.swift */,
				4397BF56246B4B3D801EA434 /* MyAccommodationsView.swift */,
				95C23EDD63A549D6820401DF /* NotificationPreferencesView.swift */,
				3D9B281B6117444FB4D512C6 /* NotificationsView.swift */,
				607206D00CA44543AA0CE55A /* ProfileSecurityCard.swift */,
				08F65AD322F04587A8942372 /* ProfileSettingsCards.swift */,
				DA3B72CDCC1D45C980A8E0E5 /* ProfileView.swift */,
			);
			path = Profile;
			sourceTree = "<group>";
		};
		930D52EBEEBB4F3D88D61922 /* Splash */ = {
			isa = PBXGroup;
			children = (
				6AC6E0086BAF4B3EA9B352A2 /* SplashView.swift */,
			);
			path = Splash;
			sourceTree = "<group>";
		};
		D148810639F14081910455AD /* Products */ = {
			isa = PBXGroup;
			children = (
				BAE8C3E375024047B730FC96 /* Lextures.app */,
				7462CF21649442EBA6951B88 /* LexturesTests.xctest */,
			);
			name = Products;
			sourceTree = "<group>";
		};
		66A55F34186846318CF20F84 /* Config */ = {
			isa = PBXGroup;
			children = (
				FBABE0555C1F49CCB4302DC1 /* Development.xcconfig */,
			);
			path = Config;
			sourceTree = "<group>";
		};
		914E223399774F6A8E8A82B8 = {
			isa = PBXGroup;
			children = (
				A8A39E0F68244CA5B125BD6B /* Lextures */,
				E9A0EC61F7DC47DD969B52BE /* LexturesTests */,
				66A55F34186846318CF20F84 /* Config */,
				D148810639F14081910455AD /* Products */,
			);
			sourceTree = "<group>";
		};
/* End PBXGroup section */

/* Begin PBXNativeTarget section */
		7AB35E69E819478496EFE08C /* Lextures */ = {
			isa = PBXNativeTarget;
			buildConfigurationList = AF1A92EECDB14365BC550255 /* Build configuration list for PBXNativeTarget "Lextures" */;
			buildPhases = (
				DB46BB114CE74AF2AA44A3A5 /* Sources */,
				D04DF486D6F24C50A037E5D1 /* Frameworks */,
				795E0E7E7AEB4B508B8F2589 /* Resources */,
			);
			buildRules = (
			);
			dependencies = (
			);
			name = "Lextures";
			productName = Lextures;
			productReference = BAE8C3E375024047B730FC96 /* Lextures.app */;
			productType = "com.apple.product-type.application";
		};
		66208485CF3B4BDEA7DA6C71 /* LexturesTests */ = {
			isa = PBXNativeTarget;
			buildConfigurationList = 5D7BEE1B8A9D455BABE3D17A /* Build configuration list for PBXNativeTarget "LexturesTests" */;
			buildPhases = (
				86E0AAA9E48B43FC8D336F5E /* Sources */,
				2B0A0ED347A94CD691CCF4C3 /* Frameworks */,
			);
			buildRules = (
			);
			dependencies = (
				02F0F06E9E034CF8964BA1CE /* PBXTargetDependency */,
			);
			name = "LexturesTests";
			productName = LexturesTests;
			productReference = 7462CF21649442EBA6951B88 /* LexturesTests.xctest */;
			productType = "com.apple.product-type.bundle.unit-test";
		};
/* End PBXNativeTarget section */

/* Begin PBXContainerItemProxy section */
		D44B83F6EADF4508AE5A361B /* PBXContainerItemProxy */ = {
			isa = PBXContainerItemProxy;
			containerPortal = 8EFE5600AEE54249A07001C0 /* Project object */;
			proxyType = 1;
			remoteGlobalIDString = 7AB35E69E819478496EFE08C;
			remoteInfo = Lextures;
			};
/* End PBXContainerItemProxy section */

/* Begin PBXTargetDependency section */
		02F0F06E9E034CF8964BA1CE /* PBXTargetDependency */ = {
			isa = PBXTargetDependency;
			target = 7AB35E69E819478496EFE08C /* Lextures */;
			targetProxy = D44B83F6EADF4508AE5A361B /* PBXContainerItemProxy */;
		};
/* End PBXTargetDependency section */

/* Begin PBXProject section */
		8EFE5600AEE54249A07001C0 /* Project object */ = {
			isa = PBXProject;
			attributes = {
				BuildIndependentTargetsInParallel = 1;
				LastSwiftUpdateCheck = 1600;
				LastUpgradeCheck = 1600;
				TargetAttributes = {
					7AB35E69E819478496EFE08C = {
						CreatedOnToolsVersion = 16.0;
					};
				};
			};
			buildConfigurationList = 571E6E746E804E72AE06D61E /* Build configuration list for PBXProject "Lextures" */;
			compatibilityVersion = "Xcode 15.0";
			developmentRegion = en;
			hasScannedForEncodings = 0;
			knownRegions = (
				en,
				Base,
			);
			mainGroup = 914E223399774F6A8E8A82B8;
			productRefGroup = D148810639F14081910455AD /* Products */;
			projectDirPath = "";
			projectRoot = "";
			targets = (
				7AB35E69E819478496EFE08C /* Lextures */,
				66208485CF3B4BDEA7DA6C71 /* LexturesTests */,
			);
		};
/* End PBXProject section */

/* Begin PBXResourcesBuildPhase section */
		795E0E7E7AEB4B508B8F2589 /* Resources */ = {
			isa = PBXResourcesBuildPhase;
			buildActionMask = 2147483647;
			runOnlyForDeploymentPostprocessing = 0;
			files = (
				3DA4F4D3F6FF43FAB84D0B21 /* Assets.xcassets in Resources */,
				6E3BEE58992F4098923DCAED /* Localizable.xcstrings in Resources */,
			);
		};
/* End PBXResourcesBuildPhase section */

/* Begin PBXSourcesBuildPhase section */
		DB46BB114CE74AF2AA44A3A5 /* Sources */ = {
			isa = PBXSourcesBuildPhase;
			buildActionMask = 2147483647;
			runOnlyForDeploymentPostprocessing = 0;
			files = (
				E35526F251854E0585079E56 /* AppDelegate.swift in Sources */,
				A2FAB08FAF144C54B2FFCCEF /* LexturesApp.swift in Sources */,
				07ABFFCB137D41DE88604C07 /* RootView.swift in Sources */,
				E296124059CA45C2A2050B6D /* AccessibilityPreferences.swift in Sources */,
				EC20D8A5951443CA944411A9 /* AccessibilitySupport.swift in Sources */,
				E79C53CC073A43E1BB85343B /* DictationField.swift in Sources */,
				75DE22C0CC3A4B9680F2D3CD /* ReadAloud.swift in Sources */,
				DEEE62B0CA1141F291C93BB9 /* AuthAPI.swift in Sources */,
				97965348C2284D13821661E8 /* AuthCallbackParser.swift in Sources */,
				81FB57F307B84F01A370F45B /* AuthConstants.swift in Sources */,
				4AFCB56F42024F589818C72D /* AuthSession.swift in Sources */,
				79EE60BD8DEF47FEB93651D8 /* BiometricGate.swift in Sources */,
				69A53BED641C4253A7DB1FDD /* KeychainStore.swift in Sources */,
				E9B84F0F2EC34E7C8B464B3C /* SessionsAPI.swift in Sources */,
				7799F924AB19432185F70250 /* AppConfiguration.swift in Sources */,
				7AA67A25D294495CB607F42B /* AuthFieldRepresentable.swift in Sources */,
				7B571A264DA54749B5B67276 /* BrandLogoView.swift in Sources */,
				664860B466BC47939933F538 /* LexturesTheme.swift in Sources */,
				1EE03B4A65B6499BA2E0E90B /* LexturesType.swift in Sources */,
				D736A162D2D2475D9EC09CBE /* ProfileAvatarView.swift in Sources */,
				7288F8996A7944CDBED21D05 /* SyncStatusView.swift in Sources */,
				7D239969ECFD48548987A8B2 /* ThemePreference.swift in Sources */,
				46AF9E7544134F39BEB896AA /* DateFormatting.swift in Sources */,
				B2E6C66A44854C4F8D8B980F /* LocaleAPI.swift in Sources */,
				67574F96BD224A69AE8F15C6 /* LocalePreferences.swift in Sources */,
				317DE77FB3424400BD3071B6 /* Localized.swift in Sources */,
				0FBAF05633D8404BB66D17E0 /* AccountAccommodationModels.swift in Sources */,
				0CE304928F024E158B2E9582 /* CourseFileLogic.swift in Sources */,
				F1A2B3C4D5E6478990ABCD01 /* InteractiveLaunchLogic.swift in Sources */,
				A8C866A8BEF9446BA5E9C423 /* CourseHeroImage.swift in Sources */,
				07C24D615E8B431395E47B28 /* FileDownloadManager.swift in Sources */,
				BC138961D20F4E65B24E9DF1 /* LMSAPI.swift in Sources */,
				D656564A546947DAB6E4312B /* LMSAPIFeatures.swift in Sources */,
				CC659EE1CCCD45D78A6A833C /* LMSFeatureModels.swift in Sources */,
				A47B8E49CE284127994785CE /* LMSModels.swift in Sources */,
				98E916F42D02454AABB627CF /* ModuleContentLogic.swift in Sources */,
				B1C2D3E4F5A6478990ABCD012 /* RequirementsLogic.swift in Sources */,
				4CBA6FD62BE642F3A3B79A2B /* NotificationLogic.swift in Sources */,
				9D2C45AB52DF4F57B660C051 /* OnboardingModels.swift in Sources */,
				9AB060D0A3334AEBB3EA8B7A /* PlannerLogic.swift in Sources */,
				DB1527A25B3B4515A3DA9A74 /* APIClient.swift in Sources */,
				F22A8E4C73B346299930FC54 /* APIError.swift in Sources */,
				FBFEB7B51C4A41DE8DFD3891 /* NetworkAuthContext.swift in Sources */,
				33039AEBB3AF487F8451F278 /* NetworkBootstrap.swift in Sources */,
				3100984D30AD455C9162A5B1 /* NotebookDrawing.swift in Sources */,
				55B927FD1AEB4349AD06F1E4 /* NotebookMarkdown.swift in Sources */,
				19275FF9067C47C09F66AACF /* NotebookSlashCommands.swift in Sources */,
				36DD087533F945AF90E50777 /* NotebookStore.swift in Sources */,
				09ADE523F65F40799B2117F5 /* NotebookSync.swift in Sources */,
				C76CB7206AD64AA8B24BCF4B /* NotebookTree.swift in Sources */,
				1CB99C0E6E63477E8CD048D1 /* CacheStore.swift in Sources */,
				095095FDCA214BA683E30D76 /* DownloadStore.swift in Sources */,
				E4802667EFCF41C8A5846AE2 /* NetworkMonitor.swift in Sources */,
				34CE06FD66D249428A56B51D /* OfflineModels.swift in Sources */,
				8B9C91DC0AAC4668A714D285 /* OfflineService.swift in Sources */,
				8200301D4FD048958D86EF2A /* OutboxStore.swift in Sources */,
				9DDB7A3BCA9C4EDC9CCC3100 /* SyncEngine.swift in Sources */,
				73B22D77BC284CD9A62CF6A1 /* PushManager.swift in Sources */,
				2B1D7952C39846F08E0B96FE /* DeepLinkRouter.swift in Sources */,
				FB89409EDDAF444B8C431478 /* AuthFlowView.swift in Sources */,
				12F093BD0D4A4F4F9C1F71F1 /* LoginView.swift in Sources */,
				3E71C11A6EC244CA9B94F493 /* MFAChallengeView.swift in Sources */,
				D233FD0A363E4A39A6804639 /* MfaPasskeyController.swift in Sources */,
				F281E08C38D84A879471985C /* SSOAuthController.swift in Sources */,
				B970D7F8FEE04AEFB0FF32F7 /* SignupView.swift in Sources */,
				14E5588E31464D139E238447 /* ContentPageView.swift in Sources */,
				418A5CEFA5EF417FBDDF8423 /* CourseAttendanceView.swift in Sources */,
				377604A74D994ED28D151D92 /* CourseDetailView.swift in Sources */,
				8B1381D43C5648108D0331B1 /* CourseGradesView.swift in Sources */,
				9E738F3A96BE40BAB3E4FCAC /* CourseMarkdownContentView.swift in Sources */,
				1D1081E5ADF1454496956CAF /* CourseSyllabusView.swift in Sources */,
				DC1ECB1DDC7F45158D998869 /* CoursesListView.swift in Sources */,
				2759FCC9DF55449BAE1666D7 /* ItemDetailRows.swift in Sources */,
				C5EE8D62075945FABB8FF910 /* ItemDetailView.swift in Sources */,
				D824257F374C40379F7EC704 /* ModuleItemRouteView.swift in Sources */,
				6160CA6303654A28A259A91D /* ModuleListView.swift in Sources */,
				B1C2D3E4F5A6478990ABCD014 /* RequirementsView.swift in Sources */,
				9F6848CFA4E9411498AEA59A /* WebItemView.swift in Sources */,
				B3C4D5E6478990ABCD012345 /* LaunchContainerView.swift in Sources */,
				A0FD6DD2B9CB4EF9AD2386DC /* DashboardView.swift in Sources */,
				1876619D5A584AA68D7B8099 /* CourseFilesView.swift in Sources */,
				CF9397BC7C6848BDA48A6B3F /* FilePreviewView.swift in Sources */,
				5092C6CD3C6C4801BE1C79CC /* GradingBacklogView.swift in Sources */,
				20CE46171DEF44C3997411EC /* SpeedGraderView.swift in Sources */,
				16965740A6EA46F8973A2EB1 /* AnnouncementsViews.swift in Sources */,
				C02B9D844D284CD589D1040D /* MainTabView.swift in Sources */,
				57F692DAAE7F4A399B4CA5D2 /* ComposeMessageView.swift in Sources */,
				4E8C297A03ED40018A99D07F /* InboxView.swift in Sources */,
				7E5A14631FAF4EF191E6D944 /* MessageDetailView.swift in Sources */,
				6B633041B0714EC18A168C2D /* NotebookDrawingViews.swift in Sources */,
				47AB8C0CBD0C4ADDB68B4666 /* NotebookEditorSupportViews.swift in Sources */,
				CC99478C7711482C8477AD74 /* NotebookEditorView.swift in Sources */,
				193AA0E5470E450B8636503A /* NotebookPagesView.swift in Sources */,
				A09E4F3B47FC4377AC31CA04 /* NotebooksListView.swift in Sources */,
				CF17347DDFCC4B2186800F4C /* DiagnosticView.swift in Sources */,
				F67DE6ADC68D4D4FBCBA9223 /* OnboardingFlowView.swift in Sources */,
				C6534C5025B14B56A8D5C025 /* CalendarSubscribeSheet.swift in Sources */,
				1CCE9CD12F7B437EB01338C6 /* CalendarView.swift in Sources */,
				D2D799356AB042129E371D0F /* DueReminderScheduler.swift in Sources */,
				47A02638EE164F89A97C358B /* PlannerModel.swift in Sources */,
				7ABAB860B78F46FEB0A68E04 /* PlannerView.swift in Sources */,
				F3F4F41CD8AB4BB190836A94 /* TodosView.swift in Sources */,
				EF9A5BE7B81145B2B95787F4 /* BiometricLockView.swift in Sources */,
				F8A1E3971D0B4E7BA1025330 /* DeviceSessionsView.swift in Sources */,
				38D3381B263C46D2BFE97BBC /* EditProfileView.swift in Sources */,
				C97044DDF3344BBFBE54F7FE /* MyAccommodationsView.swift in Sources */,
				A07BF8B8D2644D6E86BD7602 /* NotificationPreferencesView.swift in Sources */,
				88BFDFB1760949E4979C1A4E /* NotificationsView.swift in Sources */,
				09FA3FCA357B40E3A3E57B7A /* ProfileSecurityCard.swift in Sources */,
				903EDDE66BF84D12B29DACEB /* ProfileSettingsCards.swift in Sources */,
				90C99F52641B4F4FA344104D /* ProfileView.swift in Sources */,
				251A38CAEFC6420C9131E6D3 /* SplashView.swift in Sources */,
			);
		};
/* End PBXSourcesBuildPhase section */

/* Begin PBXSourcesBuildPhase section */
		86E0AAA9E48B43FC8D336F5E /* Sources */ = {
			isa = PBXSourcesBuildPhase;
			buildActionMask = 2147483647;
			runOnlyForDeploymentPostprocessing = 0;
			files = (
				49F31B0476234612BE6851F9 /* AccessibilitySupportTests.swift in Sources */,
				EDD5C765F35D40D3A25DA5E7 /* AuthCallbackParserTests.swift in Sources */,
				8ACBC56F85DC414B8B2610DF /* BiometricGateTests.swift in Sources */,
				7CCA5D41F9CF43C08E8F9404 /* CourseFileModelsTests.swift in Sources */,
				7C9188409F19444CB750D281 /* I18nTests.swift in Sources */,
				C883959422B945438702EC6D /* InteractiveLaunchLogicTests.swift in Sources */,
				EE8CC260B5304823B0BC3569 /* ModuleContentModelsTests.swift in Sources */,
				B1C2D3E4F5A6478990ABCD016 /* RequirementsLogicTests.swift in Sources */,
				19EDCB167F14411B8DAA3640 /* NotificationModelsTests.swift in Sources */,
				1AFF8B436CB54AEE937B2D4B /* OnboardingModelsTests.swift in Sources */,
				64B4CB1783BC48D7B4068B21 /* PlannerModelsTests.swift in Sources */,
				AEECA5D7C0AF4426A64981DE /* SettingsAccommodationsTests.swift in Sources */,
			);
		};
/* End PBXSourcesBuildPhase section */

/* Begin PBXFrameworksBuildPhase section */
		2B0A0ED347A94CD691CCF4C3 /* Frameworks */ = {
			isa = PBXFrameworksBuildPhase;
			buildActionMask = 2147483647;
			runOnlyForDeploymentPostprocessing = 0;
			files = (
			);
		};
/* End PBXFrameworksBuildPhase section */

/* Begin XCBuildConfiguration section */
		87D6FD9637A04B298ACCA2D9 /* Debug */ = {
			isa = XCBuildConfiguration;
			buildSettings = {
				ALWAYS_SEARCH_USER_PATHS = NO;
				CLANG_ENABLE_MODULES = YES;
				COPY_PHASE_STRIP = NO;
				DEBUG_INFORMATION_FORMAT = dwarf;
				ENABLE_USER_SCRIPT_SANDBOXING = YES;
				GCC_DYNAMIC_NO_PIC = NO;
				GCC_OPTIMIZATION_LEVEL = 0;
				IPHONEOS_DEPLOYMENT_TARGET = 17.0;
				MTL_ENABLE_DEBUG_INFO = INCLUDE_SOURCE;
				ONLY_ACTIVE_ARCH = YES;
				SDKROOT = iphoneos;
				SWIFT_ACTIVE_COMPILATION_CONDITIONS = DEBUG;
				SWIFT_OPTIMIZATION_LEVEL = -Onone;
			};
			name = Debug;
		};
		533ADAA9035143FFA02AD4E6 /* Release */ = {
			isa = XCBuildConfiguration;
			buildSettings = {
				ALWAYS_SEARCH_USER_PATHS = NO;
				CLANG_ENABLE_MODULES = YES;
				COPY_PHASE_STRIP = NO;
				DEBUG_INFORMATION_FORMAT = dwarf-with-dsym;
				ENABLE_USER_SCRIPT_SANDBOXING = YES;
				GCC_DYNAMIC_NO_PIC = NO;
				GCC_OPTIMIZATION_LEVEL = s;
				IPHONEOS_DEPLOYMENT_TARGET = 17.0;
				MTL_ENABLE_DEBUG_INFO = NO;
				ONLY_ACTIVE_ARCH = NO;
				SDKROOT = iphoneos;
				SWIFT_OPTIMIZATION_LEVEL = -O;
			};
			name = Release;
		};
		3970495CAE124C648B7352F0 /* Debug */ = {
			isa = XCBuildConfiguration;
			baseConfigurationReference = FBABE0555C1F49CCB4302DC1 /* Development.xcconfig */;
			buildSettings = {
				ASSETCATALOG_COMPILER_APPICON_NAME = AppIcon;
				ASSETCATALOG_COMPILER_GLOBAL_ACCENT_COLOR_NAME = AccentColor;
				CODE_SIGN_ENTITLEMENTS = Lextures/Resources/Lextures.entitlements;
				CODE_SIGN_STYLE = Automatic;
				CURRENT_PROJECT_VERSION = 1;
				DEVELOPMENT_TEAM = "";
				ENABLE_PREVIEWS = YES;
				ENABLE_TESTABILITY = YES;
				GENERATE_INFOPLIST_FILE = NO;
				INFOPLIST_FILE = Lextures/Resources/Info.plist;
				LD_RUNPATH_SEARCH_PATHS = (
					"$(inherited)",
					"@executable_path/Frameworks",
				);
				MARKETING_VERSION = 0.1.0;
				PRODUCT_BUNDLE_IDENTIFIER = com.lextures.ios;
				PRODUCT_NAME = "$(TARGET_NAME)";
				SUPPORTED_PLATFORMS = "iphoneos iphonesimulator";
				SUPPORTS_MACCATALYST = NO;
				SWIFT_EMIT_LOC_STRINGS = YES;
				SWIFT_VERSION = 5.0;
				TARGETED_DEVICE_FAMILY = 1;
			};
			name = Debug;
		};
		0003AD7842B040EBA3C173B7 /* Release */ = {
			isa = XCBuildConfiguration;
			baseConfigurationReference = FBABE0555C1F49CCB4302DC1 /* Development.xcconfig */;
			buildSettings = {
				ASSETCATALOG_COMPILER_APPICON_NAME = AppIcon;
				ASSETCATALOG_COMPILER_GLOBAL_ACCENT_COLOR_NAME = AccentColor;
				CODE_SIGN_ENTITLEMENTS = Lextures/Resources/Lextures.entitlements;
				CODE_SIGN_STYLE = Automatic;
				CURRENT_PROJECT_VERSION = 1;
				DEVELOPMENT_TEAM = "";
				ENABLE_PREVIEWS = YES;
				GENERATE_INFOPLIST_FILE = NO;
				INFOPLIST_FILE = Lextures/Resources/Info.plist;
				LD_RUNPATH_SEARCH_PATHS = (
					"$(inherited)",
					"@executable_path/Frameworks",
				);
				MARKETING_VERSION = 0.1.0;
				PRODUCT_BUNDLE_IDENTIFIER = com.lextures.ios;
				PRODUCT_NAME = "$(TARGET_NAME)";
				SUPPORTED_PLATFORMS = "iphoneos iphonesimulator";
				SUPPORTS_MACCATALYST = NO;
				SWIFT_EMIT_LOC_STRINGS = YES;
				SWIFT_VERSION = 5.0;
				TARGETED_DEVICE_FAMILY = 1;
			};
			name = Release;
		};
		3A676050BCA84541A7F10997 /* Debug */ = {
			isa = XCBuildConfiguration;
			baseConfigurationReference = FBABE0555C1F49CCB4302DC1 /* Development.xcconfig */;
			buildSettings = {
				BUNDLE_LOADER = "$(TEST_HOST)";
				CODE_SIGN_STYLE = Automatic;
				CURRENT_PROJECT_VERSION = 1;
				GENERATE_INFOPLIST_FILE = YES;
				IPHONEOS_DEPLOYMENT_TARGET = 17.0;
				MARKETING_VERSION = 0.1.0;
				PRODUCT_BUNDLE_IDENTIFIER = com.lextures.ios.tests;
				PRODUCT_NAME = "$(TARGET_NAME)";
				SWIFT_VERSION = 5.0;
				TARGETED_DEVICE_FAMILY = 1;
				TEST_HOST = "$(BUILT_PRODUCTS_DIR)/Lextures.app/$(BUNDLE_EXECUTABLE_FOLDER_PATH)/Lextures";
			};
			name = Debug;
		};
		78153136FB7548038280F617 /* Release */ = {
			isa = XCBuildConfiguration;
			baseConfigurationReference = FBABE0555C1F49CCB4302DC1 /* Development.xcconfig */;
			buildSettings = {
				BUNDLE_LOADER = "$(TEST_HOST)";
				CODE_SIGN_STYLE = Automatic;
				CURRENT_PROJECT_VERSION = 1;
				GENERATE_INFOPLIST_FILE = YES;
				IPHONEOS_DEPLOYMENT_TARGET = 17.0;
				MARKETING_VERSION = 0.1.0;
				PRODUCT_BUNDLE_IDENTIFIER = com.lextures.ios.tests;
				PRODUCT_NAME = "$(TARGET_NAME)";
				SWIFT_VERSION = 5.0;
				TARGETED_DEVICE_FAMILY = 1;
				TEST_HOST = "$(BUILT_PRODUCTS_DIR)/Lextures.app/$(BUNDLE_EXECUTABLE_FOLDER_PATH)/Lextures";
			};
			name = Release;
		};
/* End XCBuildConfiguration section */

/* Begin XCConfigurationList section */
		571E6E746E804E72AE06D61E /* Build configuration list for PBXProject "Lextures" */ = {
			isa = XCConfigurationList;
			buildConfigurations = (
				87D6FD9637A04B298ACCA2D9 /* Debug */,
				533ADAA9035143FFA02AD4E6 /* Release */,
			);
			defaultConfigurationIsVisible = 0;
			defaultConfigurationName = Release;
		};
		AF1A92EECDB14365BC550255 /* Build configuration list for PBXNativeTarget "Lextures" */ = {
			isa = XCConfigurationList;
			buildConfigurations = (
				3970495CAE124C648B7352F0 /* Debug */,
				0003AD7842B040EBA3C173B7 /* Release */,
			);
			defaultConfigurationIsVisible = 0;
			defaultConfigurationName = Release;
		};
		5D7BEE1B8A9D455BABE3D17A /* Build configuration list for PBXNativeTarget "LexturesTests" */ = {
			isa = XCConfigurationList;
			buildConfigurations = (
				3A676050BCA84541A7F10997 /* Debug */,
				78153136FB7548038280F617 /* Release */,
			);
			defaultConfigurationIsVisible = 0;
			defaultConfigurationName = Release;
		};
/* End XCConfigurationList section */
	};
	rootObject = 8EFE5600AEE54249A07001C0 /* Project object */;
}
